// !$*UTF8*$!
{
	archiveVersion = 1;
	classes = {
	};
	objectVersion = 45;
	objects = {

/* Begin PBXBuildFile section */
		1D3623260D0F684500981E51 /* SampleAppAppDelegate.m in Sources */ = {isa = PBXBuildFile; fileRef = 1D3623250D0F684500981E51 /* SampleAppAppDelegate.m */; };
		1D60589B0D05DD56006BFB54 /* main.m in Sources */ = {isa = PBXBuildFile; fileRef = 29B97316FDCFA39411CA2CEA /* main.m */; };
		8887032310926068009987E8 /* libPhoneGapLib.a in Frameworks */ = {isa = PBXBuildFile; fileRef = 888702ED10925F4B009987E8 /* libPhoneGapLib.a */; };
		88C44B85109629EC002A8737 /* AddressBook.framework in Frameworks */ = {isa = PBXBuildFile; fileRef = 88C44B79109629EC002A8737 /* AddressBook.framework */; };
		88C44B86109629EC002A8737 /* AddressBookUI.framework in Frameworks */ = {isa = PBXBuildFile; fileRef = 88C44B7A109629EC002A8737 /* AddressBookUI.framework */; };
		88C44B87109629EC002A8737 /* AudioToolbox.framework in Frameworks */ = {isa = PBXBuildFile; fileRef = 88C44B7B109629EC002A8737 /* AudioToolbox.framework */; };
		88C44B88109629EC002A8737 /* AVFoundation.framework in Frameworks */ = {isa = PBXBuildFile; fileRef = 88C44B7C109629EC002A8737 /* AVFoundation.framework */; };
		88C44B89109629EC002A8737 /* CFNetwork.framework in Frameworks */ = {isa = PBXBuildFile; fileRef = 88C44B7D109629EC002A8737 /* CFNetwork.framework */; };
		88C44B8A109629EC002A8737 /* CoreGraphics.framework in Frameworks */ = {isa = PBXBuildFile; fileRef = 88C44B7E109629EC002A8737 /* CoreGraphics.framework */; };
		88C44B8B109629EC002A8737 /* CoreLocation.framework in Frameworks */ = {isa = PBXBuildFile; fileRef = 88C44B7F109629EC002A8737 /* CoreLocation.framework */; };
		88C44B8C109629EC002A8737 /* Foundation.framework in Frameworks */ = {isa = PBXBuildFile; fileRef = 88C44B80109629EC002A8737 /* Foundation.framework */; };
		88C44B8D109629EC002A8737 /* MediaPlayer.framework in Frameworks */ = {isa = PBXBuildFile; fileRef = 88C44B81109629EC002A8737 /* MediaPlayer.framework */; };
		88C44B8E109629EC002A8737 /* QuartzCore.framework in Frameworks */ = {isa = PBXBuildFile; fileRef = 88C44B82109629EC002A8737 /* QuartzCore.framework */; };
		88C44B8F109629EC002A8737 /* SystemConfiguration.framework in Frameworks */ = {isa = PBXBuildFile; fileRef = 88C44B83109629EC002A8737 /* SystemConfiguration.framework */; };
		88C44B90109629EC002A8737 /* UIKit.framework in Frameworks */ = {isa = PBXBuildFile; fileRef = 88C44B84109629EC002A8737 /* UIKit.framework */; };
		88C44FE610963E23002A8737 /* Default.png in Resources */ = {isa = PBXBuildFile; fileRef = 88C44FE410963E23002A8737 /* Default.png */; };
		88C44FE710963E23002A8737 /* icon.png in Resources */ = {isa = PBXBuildFile; fileRef = 88C44FE510963E23002A8737 /* icon.png */; };
		88F1F389109272B500879C40 /* www in Resources */ = {isa = PBXBuildFile; fileRef = 88F1F384109272B500879C40 /* www */; };
		88F1F45410927DBF00879C40 /* PhoneGap.plist in Resources */ = {isa = PBXBuildFile; fileRef = 88F1F45210927DBF00879C40 /* PhoneGap.plist */; };
		88F1F45510927DBF00879C40 /* Settings.plist in Resources */ = {isa = PBXBuildFile; fileRef = 88F1F45310927DBF00879C40 /* Settings.plist */; };
/* End PBXBuildFile section */

/* Begin PBXContainerItemProxy section */
		888702EC10925F4B009987E8 /* PBXContainerItemProxy */ = {
			isa = PBXContainerItemProxy;
			containerPortal = 888702E210925F4B009987E8 /* PhoneGapLib.xcodeproj */;
			proxyType = 2;
			remoteGlobalIDString = D2AAC07E0554694100DB518D;
			remoteInfo = PhoneGapLib;
		};
		888703211092604B009987E8 /* PBXContainerItemProxy */ = {
			isa = PBXContainerItemProxy;
			containerPortal = 888702E210925F4B009987E8 /* PhoneGapLib.xcodeproj */;
			proxyType = 1;
			remoteGlobalIDString = D2AAC07D0554694100DB518D;
			remoteInfo = PhoneGapLib;
		};
/* End PBXContainerItemProxy section */

/* Begin PBXFileReference section */
		1D3623240D0F684500981E51 /* SampleAppAppDelegate.h */ = {isa = PBXFileReference; fileEncoding = 4; lastKnownFileType = sourcecode.c.h; path = SampleAppAppDelegate.h; sourceTree = "<group>"; };
		1D3623250D0F684500981E51 /* SampleAppAppDelegate.m */ = {isa = PBXFileReference; fileEncoding = 4; lastKnownFileType = sourcecode.c.objc; path = SampleAppAppDelegate.m; sourceTree = "<group>"; };
		1D6058910D05DD3D006BFB54 /* SampleApp.app */ = {isa = PBXFileReference; explicitFileType = wrapper.application; includeInIndex = 0; path = SampleApp.app; sourceTree = BUILT_PRODUCTS_DIR; };
		29B97316FDCFA39411CA2CEA /* main.m */ = {isa = PBXFileReference; fileEncoding = 4; lastKnownFileType = sourcecode.c.objc; path = main.m; sourceTree = "<group>"; };
		32CA4F630368D1EE00C91783 /* SampleApp_Prefix.pch */ = {isa = PBXFileReference; fileEncoding = 4; lastKnownFileType = sourcecode.c.h; path = SampleApp_Prefix.pch; sourceTree = "<group>"; };
		888702E210925F4B009987E8 /* PhoneGapLib.xcodeproj */ = {isa = PBXFileReference; lastKnownFileType = "wrapper.pb-project"; name = PhoneGapLib.xcodeproj; path = ../PhoneGapLib/PhoneGapLib.xcodeproj; sourceTree = SOURCE_ROOT; };
		888703061092601B009987E8 /* InvokedUrlCommand.h */ = {isa = PBXFileReference; fileEncoding = 4; lastKnownFileType = sourcecode.c.h; name = InvokedUrlCommand.h; path = ../PhoneGapLib/Classes/InvokedUrlCommand.h; sourceTree = SOURCE_ROOT; };
		888703081092601B009987E8 /* JSON.h */ = {isa = PBXFileReference; fileEncoding = 4; lastKnownFileType = sourcecode.c.h; path = JSON.h; sourceTree = "<group>"; };
		888703091092601B009987E8 /* NSObject+SBJSON.h */ = {isa = PBXFileReference; fileEncoding = 4; lastKnownFileType = sourcecode.c.h; path = "NSObject+SBJSON.h"; sourceTree = "<group>"; };
		8887030A1092601B009987E8 /* NSObject+SBJSON.m */ = {isa = PBXFileReference; fileEncoding = 4; lastKnownFileType = sourcecode.c.objc; path = "NSObject+SBJSON.m"; sourceTree = "<group>"; };
		8887030B1092601B009987E8 /* NSString+SBJSON.h */ = {isa = PBXFileReference; fileEncoding = 4; lastKnownFileType = sourcecode.c.h; path = "NSString+SBJSON.h"; sourceTree = "<group>"; };
		8887030C1092601B009987E8 /* NSString+SBJSON.m */ = {isa = PBXFileReference; fileEncoding = 4; lastKnownFileType = sourcecode.c.objc; path = "NSString+SBJSON.m"; sourceTree = "<group>"; };
		8887030D1092601B009987E8 /* SBJSON.h */ = {isa = PBXFileReference; fileEncoding = 4; lastKnownFileType = sourcecode.c.h; path = SBJSON.h; sourceTree = "<group>"; };
		8887030E1092601B009987E8 /* SBJSON.m */ = {isa = PBXFileReference; fileEncoding = 4; lastKnownFileType = sourcecode.c.objc; path = SBJSON.m; sourceTree = "<group>"; };
		8887030F1092601B009987E8 /* SBJsonBase.h */ = {isa = PBXFileReference; fileEncoding = 4; lastKnownFileType = sourcecode.c.h; path = SBJsonBase.h; sourceTree = "<group>"; };
		888703101092601B009987E8 /* SBJsonBase.m */ = {isa = PBXFileReference; fileEncoding = 4; lastKnownFileType = sourcecode.c.objc; path = SBJsonBase.m; sourceTree = "<group>"; };
		888703111092601B009987E8 /* SBJsonParser.h */ = {isa = PBXFileReference; fileEncoding = 4; lastKnownFileType = sourcecode.c.h; path = SBJsonParser.h; sourceTree = "<group>"; };
		888703121092601B009987E8 /* SBJsonParser.m */ = {isa = PBXFileReference; fileEncoding = 4; lastKnownFileType = sourcecode.c.objc; path = SBJsonParser.m; sourceTree = "<group>"; };
		888703131092601B009987E8 /* SBJsonWriter.h */ = {isa = PBXFileReference; fileEncoding = 4; lastKnownFileType = sourcecode.c.h; path = SBJsonWriter.h; sourceTree = "<group>"; };
		888703141092601B009987E8 /* SBJsonWriter.m */ = {isa = PBXFileReference; fileEncoding = 4; lastKnownFileType = sourcecode.c.objc; path = SBJsonWriter.m; sourceTree = "<group>"; };
		888703151092601B009987E8 /* PhoneGapCommand.h */ = {isa = PBXFileReference; fileEncoding = 4; lastKnownFileType = sourcecode.c.h; name = PhoneGapCommand.h; path = ../PhoneGapLib/Classes/PhoneGapCommand.h; sourceTree = SOURCE_ROOT; };
		888703161092601B009987E8 /* PhoneGapDelegate.h */ = {isa = PBXFileReference; fileEncoding = 4; lastKnownFileType = sourcecode.c.h; name = PhoneGapDelegate.h; path = ../PhoneGapLib/Classes/PhoneGapDelegate.h; sourceTree = SOURCE_ROOT; };
		88C44B79109629EC002A8737 /* AddressBook.framework */ = {isa = PBXFileReference; lastKnownFileType = wrapper.framework; name = AddressBook.framework; path = System/Library/Frameworks/AddressBook.framework; sourceTree = SDKROOT; };
		88C44B7A109629EC002A8737 /* AddressBookUI.framework */ = {isa = PBXFileReference; lastKnownFileType = wrapper.framework; name = AddressBookUI.framework; path = System/Library/Frameworks/AddressBookUI.framework; sourceTree = SDKROOT; };
		88C44B7B109629EC002A8737 /* AudioToolbox.framework */ = {isa = PBXFileReference; lastKnownFileType = wrapper.framework; name = AudioToolbox.framework; path = System/Library/Frameworks/AudioToolbox.framework; sourceTree = SDKROOT; };
		88C44B7C109629EC002A8737 /* AVFoundation.framework */ = {isa = PBXFileReference; lastKnownFileType = wrapper.framework; name = AVFoundation.framework; path = System/Library/Frameworks/AVFoundation.framework; sourceTree = SDKROOT; };
		88C44B7D109629EC002A8737 /* CFNetwork.framework */ = {isa = PBXFileReference; lastKnownFileType = wrapper.framework; name = CFNetwork.framework; path = System/Library/Frameworks/CFNetwork.framework; sourceTree = SDKROOT; };
		88C44B7E109629EC002A8737 /* CoreGraphics.framework */ = {isa = PBXFileReference; lastKnownFileType = wrapper.framework; name = CoreGraphics.framework; path = System/Library/Frameworks/CoreGraphics.framework; sourceTree = SDKROOT; };
		88C44B7F109629EC002A8737 /* CoreLocation.framework */ = {isa = PBXFileReference; lastKnownFileType = wrapper.framework; name = CoreLocation.framework; path = System/Library/Frameworks/CoreLocation.framework; sourceTree = SDKROOT; };
		88C44B80109629EC002A8737 /* Foundation.framework */ = {isa = PBXFileReference; lastKnownFileType = wrapper.framework; name = Foundation.framework; path = System/Library/Frameworks/Foundation.framework; sourceTree = SDKROOT; };
		88C44B81109629EC002A8737 /* MediaPlayer.framework */ = {isa = PBXFileReference; lastKnownFileType = wrapper.framework; name = MediaPlayer.framework; path = System/Library/Frameworks/MediaPlayer.framework; sourceTree = SDKROOT; };
		88C44B82109629EC002A8737 /* QuartzCore.framework */ = {isa = PBXFileReference; lastKnownFileType = wrapper.framework; name = QuartzCore.framework; path = System/Library/Frameworks/QuartzCore.framework; sourceTree = SDKROOT; };
		88C44B83109629EC002A8737 /* SystemConfiguration.framework */ = {isa = PBXFileReference; lastKnownFileType = wrapper.framework; name = SystemConfiguration.framework; path = System/Library/Frameworks/SystemConfiguration.framework; sourceTree = SDKROOT; };
		88C44B84109629EC002A8737 /* UIKit.framework */ = {isa = PBXFileReference; lastKnownFileType = wrapper.framework; name = UIKit.framework; path = System/Library/Frameworks/UIKit.framework; sourceTree = SDKROOT; };
		88C44FE410963E23002A8737 /* Default.png */ = {isa = PBXFileReference; lastKnownFileType = image.png; path = Default.png; sourceTree = "<group>"; };
		88C44FE510963E23002A8737 /* icon.png */ = {isa = PBXFileReference; lastKnownFileType = image.png; path = icon.png; sourceTree = "<group>"; };
		88F1F384109272B500879C40 /* www */ = {isa = PBXFileReference; lastKnownFileType = folder; path = www; sourceTree = "<group>"; };
		88F1F45210927DBF00879C40 /* PhoneGap.plist */ = {isa = PBXFileReference; fileEncoding = 4; lastKnownFileType = text.plist.xml; path = PhoneGap.plist; sourceTree = "<group>"; };
		88F1F45310927DBF00879C40 /* Settings.plist */ = {isa = PBXFileReference; fileEncoding = 4; lastKnownFileType = text.plist.xml; path = Settings.plist; sourceTree = "<group>"; };
		88F1F4711092808A00879C40 /* Device.h */ = {isa = PBXFileReference; fileEncoding = 4; lastKnownFileType = sourcecode.c.h; name = Device.h; path = ../PhoneGapLib/Classes/Device.h; sourceTree = SOURCE_ROOT; };
		88F1F53E1092876800879C40 /* Camera.h */ = {isa = PBXFileReference; fileEncoding = 4; lastKnownFileType = sourcecode.c.h; name = Camera.h; path = ../PhoneGapLib/Classes/Camera.h; sourceTree = SOURCE_ROOT; };
		88F1F53F1092876800879C40 /* Categories.h */ = {isa = PBXFileReference; fileEncoding = 4; lastKnownFileType = sourcecode.c.h; name = Categories.h; path = ../PhoneGapLib/Classes/Categories.h; sourceTree = SOURCE_ROOT; };
		88F1F5401092876800879C40 /* Contacts.h */ = {isa = PBXFileReference; fileEncoding = 4; lastKnownFileType = sourcecode.c.h; name = Contacts.h; path = ../PhoneGapLib/Classes/Contacts.h; sourceTree = SOURCE_ROOT; };
		88F1F5411092876800879C40 /* DebugConsole.h */ = {isa = PBXFileReference; fileEncoding = 4; lastKnownFileType = sourcecode.c.h; name = DebugConsole.h; path = ../PhoneGapLib/Classes/DebugConsole.h; sourceTree = SOURCE_ROOT; };
		88F1F5421092876800879C40 /* File.h */ = {isa = PBXFileReference; fileEncoding = 4; lastKnownFileType = sourcecode.c.h; name = File.h; path = ../PhoneGapLib/Classes/File.h; sourceTree = SOURCE_ROOT; };
		88F1F5431092876800879C40 /* Image.h */ = {isa = PBXFileReference; fileEncoding = 4; lastKnownFileType = sourcecode.c.h; name = Image.h; path = ../PhoneGapLib/Classes/Image.h; sourceTree = SOURCE_ROOT; };
		88F1F5441092876800879C40 /* LoadingView.h */ = {isa = PBXFileReference; fileEncoding = 4; lastKnownFileType = sourcecode.c.h; name = LoadingView.h; path = ../PhoneGapLib/Classes/LoadingView.h; sourceTree = SOURCE_ROOT; };
		88F1F5451092876800879C40 /* Location.h */ = {isa = PBXFileReference; fileEncoding = 4; lastKnownFileType = sourcecode.c.h; name = Location.h; path = ../PhoneGapLib/Classes/Location.h; sourceTree = SOURCE_ROOT; };
		88F1F5461092876800879C40 /* Map.h */ = {isa = PBXFileReference; fileEncoding = 4; lastKnownFileType = sourcecode.c.h; name = Map.h; path = ../PhoneGapLib/Classes/Map.h; sourceTree = SOURCE_ROOT; };
		88F1F5471092876800879C40 /* Movie.h */ = {isa = PBXFileReference; fileEncoding = 4; lastKnownFileType = sourcecode.c.h; name = Movie.h; path = ../PhoneGapLib/Classes/Movie.h; sourceTree = SOURCE_ROOT; };
		88F1F5481092876800879C40 /* Network.h */ = {isa = PBXFileReference; fileEncoding = 4; lastKnownFileType = sourcecode.c.h; name = Network.h; path = ../PhoneGapLib/Classes/Network.h; sourceTree = SOURCE_ROOT; };
		88F1F5491092876800879C40 /* Notification.h */ = {isa = PBXFileReference; fileEncoding = 4; lastKnownFileType = sourcecode.c.h; name = Notification.h; path = ../PhoneGapLib/Classes/Notification.h; sourceTree = SOURCE_ROOT; };
		88F1F54A1092876800879C40 /* NSData+Base64.h */ = {isa = PBXFileReference; fileEncoding = 4; lastKnownFileType = sourcecode.c.h; name = "NSData+Base64.h"; path = "../PhoneGapLib/Classes/NSData+Base64.h"; sourceTree = SOURCE_ROOT; };
		88F1F54B1092876800879C40 /* OCABMutableMultiValue.h */ = {isa = PBXFileReference; fileEncoding = 4; lastKnownFileType = sourcecode.c.h; name = OCABMutableMultiValue.h; path = ../PhoneGapLib/Classes/OCABMutableMultiValue.h; sourceTree = SOURCE_ROOT; };
		88F1F54C1092876800879C40 /* OCABRecord.h */ = {isa = PBXFileReference; fileEncoding = 4; lastKnownFileType = sourcecode.c.h; name = OCABRecord.h; path = ../PhoneGapLib/Classes/OCABRecord.h; sourceTree = SOURCE_ROOT; };
		88F1F54D1092876800879C40 /* OCCFObject.h */ = {isa = PBXFileReference; fileEncoding = 4; lastKnownFileType = sourcecode.c.h; name = OCCFObject.h; path = ../PhoneGapLib/Classes/OCCFObject.h; sourceTree = SOURCE_ROOT; };
		88F1F54E1092876800879C40 /* PhoneGapViewController.h */ = {isa = PBXFileReference; fileEncoding = 4; lastKnownFileType = sourcecode.c.h; name = PhoneGapViewController.h; path = ../PhoneGapLib/Classes/PhoneGapViewController.h; sourceTree = SOURCE_ROOT; };
		88F1F54F1092876800879C40 /* Reachability.h */ = {isa = PBXFileReference; fileEncoding = 4; lastKnownFileType = sourcecode.c.h; name = Reachability.h; path = ../PhoneGapLib/Classes/Reachability.h; sourceTree = SOURCE_ROOT; };
		88F1F5501092876800879C40 /* Sound.h */ = {isa = PBXFileReference; fileEncoding = 4; lastKnownFileType = sourcecode.c.h; name = Sound.h; path = ../PhoneGapLib/Classes/Sound.h; sourceTree = SOURCE_ROOT; };
		88F1F5511092876800879C40 /* UIControls.h */ = {isa = PBXFileReference; fileEncoding = 4; lastKnownFileType = sourcecode.c.h; name = UIControls.h; path = ../PhoneGapLib/Classes/UIControls.h; sourceTree = SOURCE_ROOT; };
		8D1107310486CEB800E47090 /* SampleApp-Info.plist */ = {isa = PBXFileReference; fileEncoding = 4; lastKnownFileType = text.plist.xml; path = "SampleApp-Info.plist"; plistStructureDefinitionIdentifier = "com.apple.xcode.plist.structure-definition.iphone.info-plist"; sourceTree = "<group>"; };
/* End PBXFileReference section */

/* Begin PBXFrameworksBuildPhase section */
		1D60588F0D05DD3D006BFB54 /* Frameworks */ = {
			isa = PBXFrameworksBuildPhase;
			buildActionMask = 2147483647;
			files = (
				8887032310926068009987E8 /* libPhoneGapLib.a in Frameworks */,
				88C44B85109629EC002A8737 /* AddressBook.framework in Frameworks */,
				88C44B86109629EC002A8737 /* AddressBookUI.framework in Frameworks */,
				88C44B87109629EC002A8737 /* AudioToolbox.framework in Frameworks */,
				88C44B88109629EC002A8737 /* AVFoundation.framework in Frameworks */,
				88C44B89109629EC002A8737 /* CFNetwork.framework in Frameworks */,
				88C44B8A109629EC002A8737 /* CoreGraphics.framework in Frameworks */,
				88C44B8B109629EC002A8737 /* CoreLocation.framework in Frameworks */,
				88C44B8C109629EC002A8737 /* Foundation.framework in Frameworks */,
				88C44B8D109629EC002A8737 /* MediaPlayer.framework in Frameworks */,
				88C44B8E109629EC002A8737 /* QuartzCore.framework in Frameworks */,
				88C44B8F109629EC002A8737 /* SystemConfiguration.framework in Frameworks */,
				88C44B90109629EC002A8737 /* UIKit.framework in Frameworks */,
			);
			runOnlyForDeploymentPostprocessing = 0;
		};
/* End PBXFrameworksBuildPhase section */

/* Begin PBXGroup section */
		080E96DDFE201D6D7F000001 /* Classes */ = {
			isa = PBXGroup;
			children = (
				1D3623240D0F684500981E51 /* SampleAppAppDelegate.h */,
				1D3623250D0F684500981E51 /* SampleAppAppDelegate.m */,
			);
			path = Classes;
			sourceTree = "<group>";
		};
		19C28FACFE9D520D11CA2CBB /* Products */ = {
			isa = PBXGroup;
			children = (
				1D6058910D05DD3D006BFB54 /* SampleApp.app */,
			);
			name = Products;
			sourceTree = "<group>";
		};
		29B97314FDCFA39411CA2CEA /* CustomTemplate */ = {
			isa = PBXGroup;
			children = (
				88F1F45210927DBF00879C40 /* PhoneGap.plist */,
				88F1F45310927DBF00879C40 /* Settings.plist */,
				88F1F384109272B500879C40 /* www */,
				8887030510925FE0009987E8 /* PhoneGapHeaders */,
				888702E210925F4B009987E8 /* PhoneGapLib.xcodeproj */,
				080E96DDFE201D6D7F000001 /* Classes */,
				29B97315FDCFA39411CA2CEA /* Other Sources */,
				29B97317FDCFA39411CA2CEA /* Resources */,
				29B97323FDCFA39411CA2CEA /* Frameworks */,
				19C28FACFE9D520D11CA2CBB /* Products */,
			);
			name = CustomTemplate;
			sourceTree = "<group>";
		};
		29B97315FDCFA39411CA2CEA /* Other Sources */ = {
			isa = PBXGroup;
			children = (
				32CA4F630368D1EE00C91783 /* SampleApp_Prefix.pch */,
				29B97316FDCFA39411CA2CEA /* main.m */,
			);
			name = "Other Sources";
			sourceTree = "<group>";
		};
		29B97317FDCFA39411CA2CEA /* Resources */ = {
			isa = PBXGroup;
			children = (
				88C44FE410963E23002A8737 /* Default.png */,
				88C44FE510963E23002A8737 /* icon.png */,
				8D1107310486CEB800E47090 /* SampleApp-Info.plist */,
			);
			name = Resources;
			sourceTree = "<group>";
		};
		29B97323FDCFA39411CA2CEA /* Frameworks */ = {
			isa = PBXGroup;
			children = (
				88C44B79109629EC002A8737 /* AddressBook.framework */,
				88C44B7A109629EC002A8737 /* AddressBookUI.framework */,
				88C44B7B109629EC002A8737 /* AudioToolbox.framework */,
				88C44B7C109629EC002A8737 /* AVFoundation.framework */,
				88C44B7D109629EC002A8737 /* CFNetwork.framework */,
				88C44B7E109629EC002A8737 /* CoreGraphics.framework */,
				88C44B7F109629EC002A8737 /* CoreLocation.framework */,
				88C44B80109629EC002A8737 /* Foundation.framework */,
				88C44B81109629EC002A8737 /* MediaPlayer.framework */,
				88C44B82109629EC002A8737 /* QuartzCore.framework */,
				88C44B83109629EC002A8737 /* SystemConfiguration.framework */,
				88C44B84109629EC002A8737 /* UIKit.framework */,
			);
			name = Frameworks;
			sourceTree = "<group>";
		};
		888702E310925F4B009987E8 /* Products */ = {
			isa = PBXGroup;
			children = (
				888702ED10925F4B009987E8 /* libPhoneGapLib.a */,
			);
			name = Products;
			sourceTree = "<group>";
		};
		8887030510925FE0009987E8 /* PhoneGapHeaders */ = {
			isa = PBXGroup;
			children = (
				88F1F53E1092876800879C40 /* Camera.h */,
				88F1F53F1092876800879C40 /* Categories.h */,
				88F1F5401092876800879C40 /* Contacts.h */,
				88F1F5411092876800879C40 /* DebugConsole.h */,
				88F1F4711092808A00879C40 /* Device.h */,
				88F1F5421092876800879C40 /* File.h */,
				88F1F5431092876800879C40 /* Image.h */,
				888703061092601B009987E8 /* InvokedUrlCommand.h */,
				88F1F5441092876800879C40 /* LoadingView.h */,
				88F1F5451092876800879C40 /* Location.h */,
				88F1F5461092876800879C40 /* Map.h */,
				88F1F5471092876800879C40 /* Movie.h */,
				88F1F5481092876800879C40 /* Network.h */,
				88F1F5491092876800879C40 /* Notification.h */,
				88F1F54A1092876800879C40 /* NSData+Base64.h */,
				88F1F54B1092876800879C40 /* OCABMutableMultiValue.h */,
				88F1F54C1092876800879C40 /* OCABRecord.h */,
				88F1F54D1092876800879C40 /* OCCFObject.h */,
				88F1F54E1092876800879C40 /* PhoneGapViewController.h */,
				88F1F54F1092876800879C40 /* Reachability.h */,
				88F1F5501092876800879C40 /* Sound.h */,
				88F1F5511092876800879C40 /* UIControls.h */,
				888703071092601B009987E8 /* JSON */,
				888703151092601B009987E8 /* PhoneGapCommand.h */,
				888703161092601B009987E8 /* PhoneGapDelegate.h */,
			);
			name = PhoneGapHeaders;
			sourceTree = "<group>";
		};
		888703071092601B009987E8 /* JSON */ = {
			isa = PBXGroup;
			children = (
				888703081092601B009987E8 /* JSON.h */,
				888703091092601B009987E8 /* NSObject+SBJSON.h */,
				8887030A1092601B009987E8 /* NSObject+SBJSON.m */,
				8887030B1092601B009987E8 /* NSString+SBJSON.h */,
				8887030C1092601B009987E8 /* NSString+SBJSON.m */,
				8887030D1092601B009987E8 /* SBJSON.h */,
				8887030E1092601B009987E8 /* SBJSON.m */,
				8887030F1092601B009987E8 /* SBJsonBase.h */,
				888703101092601B009987E8 /* SBJsonBase.m */,
				888703111092601B009987E8 /* SBJsonParser.h */,
				888703121092601B009987E8 /* SBJsonParser.m */,
				888703131092601B009987E8 /* SBJsonWriter.h */,
				888703141092601B009987E8 /* SBJsonWriter.m */,
			);
			name = JSON;
			path = ../PhoneGapLib/Classes/JSON;
			sourceTree = SOURCE_ROOT;
		};
/* End PBXGroup section */

/* Begin PBXNativeTarget section */
		1D6058900D05DD3D006BFB54 /* SampleApp */ = {
			isa = PBXNativeTarget;
			buildConfigurationList = 1D6058960D05DD3E006BFB54 /* Build configuration list for PBXNativeTarget "SampleApp" */;
			buildPhases = (
				1D60588D0D05DD3D006BFB54 /* Resources */,
				1D60588E0D05DD3D006BFB54 /* Sources */,
				1D60588F0D05DD3D006BFB54 /* Frameworks */,
			);
			buildRules = (
			);
			dependencies = (
				888703221092604B009987E8 /* PBXTargetDependency */,
			);
			name = SampleApp;
			productName = SampleApp;
			productReference = 1D6058910D05DD3D006BFB54 /* SampleApp.app */;
			productType = "com.apple.product-type.application";
		};
/* End PBXNativeTarget section */

/* Begin PBXProject section */
		29B97313FDCFA39411CA2CEA /* Project object */ = {
			isa = PBXProject;
			buildConfigurationList = C01FCF4E08A954540054247B /* Build configuration list for PBXProject "SampleApp" */;
			compatibilityVersion = "Xcode 3.1";
			hasScannedForEncodings = 1;
			mainGroup = 29B97314FDCFA39411CA2CEA /* CustomTemplate */;
			projectDirPath = "";
			projectReferences = (
				{
					ProductGroup = 888702E310925F4B009987E8 /* Products */;
					ProjectRef = 888702E210925F4B009987E8 /* PhoneGapLib.xcodeproj */;
				},
			);
			projectRoot = "";
			targets = (
				1D6058900D05DD3D006BFB54 /* SampleApp */,
			);
		};
/* End PBXProject section */

/* Begin PBXReferenceProxy section */
		888702ED10925F4B009987E8 /* libPhoneGapLib.a */ = {
			isa = PBXReferenceProxy;
			fileType = archive.ar;
			path = libPhoneGapLib.a;
			remoteRef = 888702EC10925F4B009987E8 /* PBXContainerItemProxy */;
			sourceTree = BUILT_PRODUCTS_DIR;
		};
/* End PBXReferenceProxy section */

/* Begin PBXResourcesBuildPhase section */
		1D60588D0D05DD3D006BFB54 /* Resources */ = {
			isa = PBXResourcesBuildPhase;
			buildActionMask = 2147483647;
			files = (
				88F1F45410927DBF00879C40 /* PhoneGap.plist in Resources */,
				88F1F45510927DBF00879C40 /* Settings.plist in Resources */,
				88F1F389109272B500879C40 /* www in Resources */,
				88C44FE610963E23002A8737 /* Default.png in Resources */,
				88C44FE710963E23002A8737 /* icon.png in Resources */,
			);
			runOnlyForDeploymentPostprocessing = 0;
		};
/* End PBXResourcesBuildPhase section */

/* Begin PBXSourcesBuildPhase section */
		1D60588E0D05DD3D006BFB54 /* Sources */ = {
			isa = PBXSourcesBuildPhase;
			buildActionMask = 2147483647;
			files = (
				1D60589B0D05DD56006BFB54 /* main.m in Sources */,
				1D3623260D0F684500981E51 /* SampleAppAppDelegate.m in Sources */,
			);
			runOnlyForDeploymentPostprocessing = 0;
		};
/* End PBXSourcesBuildPhase section */

/* Begin PBXTargetDependency section */
		888703221092604B009987E8 /* PBXTargetDependency */ = {
			isa = PBXTargetDependency;
			name = PhoneGapLib;
			targetProxy = 888703211092604B009987E8 /* PBXContainerItemProxy */;
		};
/* End PBXTargetDependency section */

/* Begin XCBuildConfiguration section */
		1D6058940D05DD3E006BFB54 /* Debug */ = {
			isa = XCBuildConfiguration;
			buildSettings = {
				ALWAYS_SEARCH_USER_PATHS = NO;
				COPY_PHASE_STRIP = NO;
				FRAMEWORK_SEARCH_PATHS = "";
				GCC_DYNAMIC_NO_PIC = NO;
				GCC_OPTIMIZATION_LEVEL = 0;
				GCC_PRECOMPILE_PREFIX_HEADER = YES;
				GCC_PREFIX_HEADER = SampleApp_Prefix.pch;
				INFOPLIST_FILE = "SampleApp-Info.plist";
				PRODUCT_NAME = SampleApp;
			};
			name = Debug;
		};
		1D6058950D05DD3E006BFB54 /* Release */ = {
			isa = XCBuildConfiguration;
			buildSettings = {
				ALWAYS_SEARCH_USER_PATHS = NO;
				COPY_PHASE_STRIP = YES;
				FRAMEWORK_SEARCH_PATHS = "";
				GCC_PRECOMPILE_PREFIX_HEADER = YES;
				GCC_PREFIX_HEADER = SampleApp_Prefix.pch;
				INFOPLIST_FILE = "SampleApp-Info.plist";
				PRODUCT_NAME = SampleApp;
			};
			name = Release;
		};
		C01FCF4F08A954540054247B /* Debug */ = {
			isa = XCBuildConfiguration;
			buildSettings = {
				ARCHS = "$(ARCHS_STANDARD_32_BIT)";
				"CODE_SIGN_IDENTITY[sdk=iphoneos*]" = "iPhone Developer";
				GCC_C_LANGUAGE_STANDARD = c99;
				GCC_WARN_ABOUT_RETURN_TYPE = YES;
				GCC_WARN_UNUSED_VARIABLE = YES;
				IPHONEOS_DEPLOYMENT_TARGET = 3.0;
				OTHER_LDFLAGS = (
					"-all_load",
					"-ObjC",
				);
				PREBINDING = NO;
				"PROVISIONING_PROFILE[sdk=iphoneos*]" = "";
				SDKROOT = iphoneos3.0;
				VALID_ARCHS = "i386 armv6 armv7";
			};
			name = Debug;
		};
		C01FCF5008A954540054247B /* Release */ = {
			isa = XCBuildConfiguration;
			buildSettings = {
				ARCHS = "$(ARCHS_STANDARD_32_BIT)";
				"CODE_SIGN_IDENTITY[sdk=iphoneos*]" = "iPhone Developer";
				GCC_C_LANGUAGE_STANDARD = c99;
				GCC_WARN_ABOUT_RETURN_TYPE = YES;
				GCC_WARN_UNUSED_VARIABLE = YES;
				IPHONEOS_DEPLOYMENT_TARGET = 3.0;
				OTHER_LDFLAGS = (
					"-all_load",
					"-ObjC",
				);
				PREBINDING = NO;
				"PROVISIONING_PROFILE[sdk=iphoneos*]" = "";
				SDKROOT = iphoneos3.0;
				VALID_ARCHS = "armv6 armv7";
			};
			name = Release;
		};
/* End XCBuildConfiguration section */

/* Begin XCConfigurationList section */
		1D6058960D05DD3E006BFB54 /* Build configuration list for PBXNativeTarget "SampleApp" */ = {
			isa = XCConfigurationList;
			buildConfigurations = (
				1D6058940D05DD3E006BFB54 /* Debug */,
				1D6058950D05DD3E006BFB54 /* Release */,
			);
			defaultConfigurationIsVisible = 0;
			defaultConfigurationName = Release;
		};
		C01FCF4E08A954540054247B /* Build configuration list for PBXProject "SampleApp" */ = {
			isa = XCConfigurationList;
			buildConfigurations = (
				C01FCF4F08A954540054247B /* Debug */,
				C01FCF5008A954540054247B /* Release */,
			);
			defaultConfigurationIsVisible = 0;
			defaultConfigurationName = Release;
		};
/* End XCConfigurationList section */
	};
	rootObject = 29B97313FDCFA39411CA2CEA /* Project object */;
}
