// !$*UTF8*$!
/*
 Licensed to the Apache Software Foundation (ASF) under one
 or more contributor license agreements.  See the NOTICE file
 distributed with this work for additional information
 regarding copyright ownership.  The ASF licenses this file
 to you under the Apache License, Version 2.0 (the
 "License"); you may not use this file except in compliance
 with the License.  You may obtain a copy of the License at
 
 http://www.apache.org/licenses/LICENSE-2.0
 
 Unless required by applicable law or agreed to in writing,
 software distributed under the License is distributed on an
 "AS IS" BASIS, WITHOUT WARRANTIES OR CONDITIONS OF ANY
 KIND, either express or implied.  See the License for the
 specific language governing permissions and limitations
 under the License.
*/
{
	archiveVersion = 1;
	classes = {
	};
	objectVersion = 46;
	objects = {

/* Begin PBXBuildFile section */
		1F2BECC013F9785B00A93BF6 /* CDVBattery.h in Headers */ = {isa = PBXBuildFile; fileRef = 1F2BECBE13F9785B00A93BF6 /* CDVBattery.h */; settings = {ATTRIBUTES = (Public, ); }; };
		1F2BECC113F9785B00A93BF6 /* CDVBattery.m in Sources */ = {isa = PBXBuildFile; fileRef = 1F2BECBF13F9785B00A93BF6 /* CDVBattery.m */; };
		1F3C04CE12BC247D004F9E10 /* CDVContact.h in Headers */ = {isa = PBXBuildFile; fileRef = 1F3C04CC12BC247D004F9E10 /* CDVContact.h */; settings = {ATTRIBUTES = (Public, ); }; };
		1F3C04CF12BC247D004F9E10 /* CDVContact.m in Sources */ = {isa = PBXBuildFile; fileRef = 1F3C04CD12BC247D004F9E10 /* CDVContact.m */; };
		1F584B9B1385A28A00ED25E8 /* CDVCapture.h in Headers */ = {isa = PBXBuildFile; fileRef = 1F584B991385A28900ED25E8 /* CDVCapture.h */; settings = {ATTRIBUTES = (Public, ); }; };
		1F584B9C1385A28A00ED25E8 /* CDVCapture.m in Sources */ = {isa = PBXBuildFile; fileRef = 1F584B9A1385A28900ED25E8 /* CDVCapture.m */; };
		1F92F4A01314023E0046367C /* CDVPluginResult.h in Headers */ = {isa = PBXBuildFile; fileRef = 1F92F49E1314023E0046367C /* CDVPluginResult.h */; settings = {ATTRIBUTES = (Public, ); }; };
		1F92F4A11314023E0046367C /* CDVPluginResult.m in Sources */ = {isa = PBXBuildFile; fileRef = 1F92F49F1314023E0046367C /* CDVPluginResult.m */; };
		301F2F2A14F3C9CA003FE9FC /* CDV.h in Headers */ = {isa = PBXBuildFile; fileRef = 301F2F2914F3C9CA003FE9FC /* CDV.h */; settings = {ATTRIBUTES = (Public, ); }; };
		302965BC13A94E9D007046C5 /* CDVDebug.h in Headers */ = {isa = PBXBuildFile; fileRef = 302965BB13A94E9D007046C5 /* CDVDebug.h */; settings = {ATTRIBUTES = (Public, ); }; };
		3034979C1513D56A0090E688 /* CDVLocalStorage.h in Headers */ = {isa = PBXBuildFile; fileRef = 3034979A1513D56A0090E688 /* CDVLocalStorage.h */; settings = {ATTRIBUTES = (Public, ); }; };
		3034979E1513D56A0090E688 /* CDVLocalStorage.m in Sources */ = {isa = PBXBuildFile; fileRef = 3034979B1513D56A0090E688 /* CDVLocalStorage.m */; };
		3035621714104C34006C2D43 /* CDVWhitelistTests.m in Sources */ = {isa = PBXBuildFile; fileRef = 30356213141049E1006C2D43 /* CDVWhitelistTests.m */; };
		30392E4E14F4FCAB00B9E0B8 /* CDVAvailability.h in Headers */ = {isa = PBXBuildFile; fileRef = 30392E4D14F4FCAB00B9E0B8 /* CDVAvailability.h */; settings = {ATTRIBUTES = (Public, ); }; };
		303A406A152124BB00182201 /* UIKit.framework in Frameworks */ = {isa = PBXBuildFile; fileRef = 686357AA141002F100DF4CF2 /* UIKit.framework */; };
		303A406B152124BB00182201 /* Foundation.framework in Frameworks */ = {isa = PBXBuildFile; fileRef = 686357AC141002F100DF4CF2 /* Foundation.framework */; };
		303A406C152124BB00182201 /* CoreGraphics.framework in Frameworks */ = {isa = PBXBuildFile; fileRef = 686357AE141002F100DF4CF2 /* CoreGraphics.framework */; };
		303A4072152124BB00182201 /* InfoPlist.strings in Resources */ = {isa = PBXBuildFile; fileRef = 303A4070152124BB00182201 /* InfoPlist.strings */; };
		303A4074152124BB00182201 /* main.m in Sources */ = {isa = PBXBuildFile; fileRef = 303A4073152124BB00182201 /* main.m */; };
		303A4078152124BB00182201 /* AppDelegate.m in Sources */ = {isa = PBXBuildFile; fileRef = 303A4077152124BB00182201 /* AppDelegate.m */; };
		303A407B152124BB00182201 /* ViewController.m in Sources */ = {isa = PBXBuildFile; fileRef = 303A407A152124BB00182201 /* ViewController.m */; };
		3062D120151D0EDB000D9128 /* UIDevice+Extensions.h in Headers */ = {isa = PBXBuildFile; fileRef = 3062D11E151D0EDB000D9128 /* UIDevice+Extensions.h */; settings = {ATTRIBUTES = (Public, ); }; };
		3062D122151D0EDB000D9128 /* UIDevice+Extensions.m in Sources */ = {isa = PBXBuildFile; fileRef = 3062D11F151D0EDB000D9128 /* UIDevice+Extensions.m */; };
		3062D1AE151D4D9D000D9128 /* CDVLocalStorageTests.m in Sources */ = {isa = PBXBuildFile; fileRef = 3062D1AD151D4D9D000D9128 /* CDVLocalStorageTests.m */; };
		307A8F9E1385A2EC00E43782 /* CDVConnection.h in Headers */ = {isa = PBXBuildFile; fileRef = 307A8F9C1385A2EC00E43782 /* CDVConnection.h */; settings = {ATTRIBUTES = (Public, ); }; };
		307A8F9F1385A2EC00E43782 /* CDVConnection.m in Sources */ = {isa = PBXBuildFile; fileRef = 307A8F9D1385A2EC00E43782 /* CDVConnection.m */; };
		30956FD2138F1F5600FC3563 /* CDVMotion.h in Headers */ = {isa = PBXBuildFile; fileRef = 30956FD0138F1F5600FC3563 /* CDVMotion.h */; settings = {ATTRIBUTES = (Public, ); }; };
		30956FD3138F1F5600FC3563 /* CDVMotion.m in Sources */ = {isa = PBXBuildFile; fileRef = 30956FD1138F1F5600FC3563 /* CDVMotion.m */; };
		30A90B9114588697006178D3 /* JSONKit.h in Headers */ = {isa = PBXBuildFile; fileRef = 30A90B8F14588697006178D3 /* JSONKit.h */; settings = {ATTRIBUTES = (Public, ); }; };
		30A90B9314588697006178D3 /* JSONKit.m in Sources */ = {isa = PBXBuildFile; fileRef = 30A90B9014588697006178D3 /* JSONKit.m */; };
		30AE4E8D1419532F005A9C9A /* CDVContactsTests.m in Sources */ = {isa = PBXBuildFile; fileRef = 30AE4E8C1419532F005A9C9A /* CDVContactsTests.m */; };
		30B342F515224B360070E6A5 /* CDVWebViewTest.m in Sources */ = {isa = PBXBuildFile; fileRef = 30B342F415224B360070E6A5 /* CDVWebViewTest.m */; };
		30B39EBE13D0268B0009682A /* CDVSplashScreen.h in Headers */ = {isa = PBXBuildFile; fileRef = 30B39EBC13D0268B0009682A /* CDVSplashScreen.h */; settings = {ATTRIBUTES = (Public, ); }; };
		30B39EBF13D0268B0009682A /* CDVSplashScreen.m in Sources */ = {isa = PBXBuildFile; fileRef = 30B39EBD13D0268B0009682A /* CDVSplashScreen.m */; };
		30C5F1DF15AF9E950052A00D /* CDVDevice.h in Headers */ = {isa = PBXBuildFile; fileRef = 30C5F1DD15AF9E950052A00D /* CDVDevice.h */; settings = {ATTRIBUTES = (Public, ); }; };
		30C5F1E015AF9E950052A00D /* CDVDevice.m in Sources */ = {isa = PBXBuildFile; fileRef = 30C5F1DE15AF9E950052A00D /* CDVDevice.m */; };
		30C684801406CB38004C1A8E /* CDVWhitelist.h in Headers */ = {isa = PBXBuildFile; fileRef = 30C6847E1406CB38004C1A8E /* CDVWhitelist.h */; settings = {ATTRIBUTES = (Public, ); }; };
		30C684821406CB38004C1A8E /* CDVWhitelist.m in Sources */ = {isa = PBXBuildFile; fileRef = 30C6847F1406CB38004C1A8E /* CDVWhitelist.m */; };
		30C684941407044B004C1A8E /* CDVURLProtocol.h in Headers */ = {isa = PBXBuildFile; fileRef = 30C684921407044A004C1A8E /* CDVURLProtocol.h */; settings = {ATTRIBUTES = (Public, ); }; };
		30C684961407044B004C1A8E /* CDVURLProtocol.m in Sources */ = {isa = PBXBuildFile; fileRef = 30C684931407044A004C1A8E /* CDVURLProtocol.m */; };
		30D1B08C15A2B36D0060C291 /* CDVBase64Tests.m in Sources */ = {isa = PBXBuildFile; fileRef = 30D1B08B15A2B36D0060C291 /* CDVBase64Tests.m */; };
		30E33AF213A7E24B00594D64 /* CDVPlugin.h in Headers */ = {isa = PBXBuildFile; fileRef = 30E33AF013A7E24B00594D64 /* CDVPlugin.h */; settings = {ATTRIBUTES = (Public, ); }; };
		30E33AF313A7E24B00594D64 /* CDVPlugin.m in Sources */ = {isa = PBXBuildFile; fileRef = 30E33AF113A7E24B00594D64 /* CDVPlugin.m */; };
		30E563CF13E217EC00C949AA /* NSMutableArray+QueueAdditions.h in Headers */ = {isa = PBXBuildFile; fileRef = 30E563CD13E217EC00C949AA /* NSMutableArray+QueueAdditions.h */; settings = {ATTRIBUTES = (Public, ); }; };
		30E563D013E217EC00C949AA /* NSMutableArray+QueueAdditions.m in Sources */ = {isa = PBXBuildFile; fileRef = 30E563CE13E217EC00C949AA /* NSMutableArray+QueueAdditions.m */; };
		30F5EBAB14CA26E700987760 /* CDVCommandDelegate.h in Headers */ = {isa = PBXBuildFile; fileRef = 30F5EBA914CA26E700987760 /* CDVCommandDelegate.h */; settings = {ATTRIBUTES = (Public, ); }; };
		30F8AE0415212558006625B3 /* libCordova.a in Frameworks */ = {isa = PBXBuildFile; fileRef = 68A32D7114102E1C006B237C /* libCordova.a */; };
		30F8AE0515212587006625B3 /* AddressBook.framework in Frameworks */ = {isa = PBXBuildFile; fileRef = 68A32D7414103017006B237C /* AddressBook.framework */; };
		30F8AE0615212587006625B3 /* AddressBookUI.framework in Frameworks */ = {isa = PBXBuildFile; fileRef = 686357CC14100AAD00DF4CF2 /* AddressBookUI.framework */; };
		30F8AE0715212587006625B3 /* AudioToolbox.framework in Frameworks */ = {isa = PBXBuildFile; fileRef = 686357CE14100ADA00DF4CF2 /* AudioToolbox.framework */; };
		30F8AE0815212587006625B3 /* AVFoundation.framework in Frameworks */ = {isa = PBXBuildFile; fileRef = 686357CF14100ADB00DF4CF2 /* AVFoundation.framework */; };
		30F8AE0915212587006625B3 /* CoreLocation.framework in Frameworks */ = {isa = PBXBuildFile; fileRef = 686357D014100ADE00DF4CF2 /* CoreLocation.framework */; };
		30F8AE0A15212587006625B3 /* CoreMedia.framework in Frameworks */ = {isa = PBXBuildFile; fileRef = 686357DC14100B1600DF4CF2 /* CoreMedia.framework */; };
		30F8AE0B15212587006625B3 /* SystemConfiguration.framework in Frameworks */ = {isa = PBXBuildFile; fileRef = 686357D414100AF200DF4CF2 /* SystemConfiguration.framework */; };
		30F8AE0C152125B6006625B3 /* MobileCoreServices.framework in Frameworks */ = {isa = PBXBuildFile; fileRef = 686357D214100AE700DF4CF2 /* MobileCoreServices.framework */; };
		30F8AE13152127CE006625B3 /* Cordova.plist in Resources */ = {isa = PBXBuildFile; fileRef = 30F8AE12152127CE006625B3 /* Cordova.plist */; };
		30F8AE1D152129DA006625B3 /* www in Resources */ = {isa = PBXBuildFile; fileRef = 30F8AE1C152129DA006625B3 /* www */; };
		3E76876D156A90EE00EB6FA3 /* CDVLogger.m in Sources */ = {isa = PBXBuildFile; fileRef = 3E76876B156A90EE00EB6FA3 /* CDVLogger.m */; };
		3E76876F156A90EE00EB6FA3 /* CDVLogger.h in Headers */ = {isa = PBXBuildFile; fileRef = 3E76876C156A90EE00EB6FA3 /* CDVLogger.h */; settings = {ATTRIBUTES = (Public, ); }; };
		686357B5141002F200DF4CF2 /* InfoPlist.strings in Resources */ = {isa = PBXBuildFile; fileRef = 686357B3141002F200DF4CF2 /* InfoPlist.strings */; };
		686357BA141002F200DF4CF2 /* CDVPluginResultJSONSerializationTests.m in Sources */ = {isa = PBXBuildFile; fileRef = 686357B9141002F200DF4CF2 /* CDVPluginResultJSONSerializationTests.m */; };
		68A32D7514103017006B237C /* AddressBook.framework in Frameworks */ = {isa = PBXBuildFile; fileRef = 68A32D7414103017006B237C /* AddressBook.framework */; };
		68A32D7614103078006B237C /* CoreMedia.framework in Frameworks */ = {isa = PBXBuildFile; fileRef = 686357DC14100B1600DF4CF2 /* CoreMedia.framework */; };
		68A32D7714103082006B237C /* AudioToolbox.framework in Frameworks */ = {isa = PBXBuildFile; fileRef = 686357CE14100ADA00DF4CF2 /* AudioToolbox.framework */; };
		68A32D781410308B006B237C /* AVFoundation.framework in Frameworks */ = {isa = PBXBuildFile; fileRef = 686357CF14100ADB00DF4CF2 /* AVFoundation.framework */; };
		68A32D7914103097006B237C /* CoreLocation.framework in Frameworks */ = {isa = PBXBuildFile; fileRef = 686357D014100ADE00DF4CF2 /* CoreLocation.framework */; };
		68A32D7A141030AB006B237C /* MobileCoreServices.framework in Frameworks */ = {isa = PBXBuildFile; fileRef = 686357D214100AE700DF4CF2 /* MobileCoreServices.framework */; };
		68A32D7B141030C8006B237C /* SystemConfiguration.framework in Frameworks */ = {isa = PBXBuildFile; fileRef = 686357D414100AF200DF4CF2 /* SystemConfiguration.framework */; };
		68A32D7C141030D0006B237C /* AddressBookUI.framework in Frameworks */ = {isa = PBXBuildFile; fileRef = 686357CC14100AAD00DF4CF2 /* AddressBookUI.framework */; };
		68A32D7D141030E4006B237C /* CoreGraphics.framework in Frameworks */ = {isa = PBXBuildFile; fileRef = 686357AE141002F100DF4CF2 /* CoreGraphics.framework */; };
		68A32D7E141030EB006B237C /* UIKit.framework in Frameworks */ = {isa = PBXBuildFile; fileRef = 686357AA141002F100DF4CF2 /* UIKit.framework */; };
		68A32D7F141030F3006B237C /* Foundation.framework in Frameworks */ = {isa = PBXBuildFile; fileRef = 686357AC141002F100DF4CF2 /* Foundation.framework */; };
		8852C43A14B65FD800F0E735 /* CDVViewController.h in Headers */ = {isa = PBXBuildFile; fileRef = 8852C43614B65FD800F0E735 /* CDVViewController.h */; settings = {ATTRIBUTES = (Public, ); }; };
		8852C43C14B65FD800F0E735 /* CDVViewController.m in Sources */ = {isa = PBXBuildFile; fileRef = 8852C43714B65FD800F0E735 /* CDVViewController.m */; };
		8852C43F14B65FD800F0E735 /* CDVCordovaView.h in Headers */ = {isa = PBXBuildFile; fileRef = 8852C43814B65FD800F0E735 /* CDVCordovaView.h */; settings = {ATTRIBUTES = (Public, ); }; };
		8852C44114B65FD800F0E735 /* CDVCordovaView.m in Sources */ = {isa = PBXBuildFile; fileRef = 8852C43914B65FD800F0E735 /* CDVCordovaView.m */; };
		8887FD661090FBE7009987E8 /* CDVCamera.h in Headers */ = {isa = PBXBuildFile; fileRef = 8887FD261090FBE7009987E8 /* CDVCamera.h */; settings = {ATTRIBUTES = (Public, ); }; };
		8887FD671090FBE7009987E8 /* CDVCamera.m in Sources */ = {isa = PBXBuildFile; fileRef = 8887FD271090FBE7009987E8 /* CDVCamera.m */; };
		8887FD681090FBE7009987E8 /* NSDictionary+Extensions.h in Headers */ = {isa = PBXBuildFile; fileRef = 8887FD281090FBE7009987E8 /* NSDictionary+Extensions.h */; settings = {ATTRIBUTES = (Public, ); }; };
		8887FD691090FBE7009987E8 /* NSDictionary+Extensions.m in Sources */ = {isa = PBXBuildFile; fileRef = 8887FD291090FBE7009987E8 /* NSDictionary+Extensions.m */; };
		8887FD6A1090FBE7009987E8 /* CDVContacts.h in Headers */ = {isa = PBXBuildFile; fileRef = 8887FD2A1090FBE7009987E8 /* CDVContacts.h */; settings = {ATTRIBUTES = (Public, ); }; };
		8887FD6B1090FBE7009987E8 /* CDVContacts.m in Sources */ = {isa = PBXBuildFile; fileRef = 8887FD2B1090FBE7009987E8 /* CDVContacts.m */; };
		8887FD6C1090FBE7009987E8 /* CDVDebugConsole.h in Headers */ = {isa = PBXBuildFile; fileRef = 8887FD2C1090FBE7009987E8 /* CDVDebugConsole.h */; settings = {ATTRIBUTES = (Public, ); }; };
		8887FD6D1090FBE7009987E8 /* CDVDebugConsole.m in Sources */ = {isa = PBXBuildFile; fileRef = 8887FD2D1090FBE7009987E8 /* CDVDebugConsole.m */; };
		8887FD701090FBE7009987E8 /* CDVFile.h in Headers */ = {isa = PBXBuildFile; fileRef = 8887FD301090FBE7009987E8 /* CDVFile.h */; settings = {ATTRIBUTES = (Public, ); }; };
		8887FD711090FBE7009987E8 /* CDVFile.m in Sources */ = {isa = PBXBuildFile; fileRef = 8887FD311090FBE7009987E8 /* CDVFile.m */; };
		8887FD741090FBE7009987E8 /* CDVInvokedUrlCommand.h in Headers */ = {isa = PBXBuildFile; fileRef = 8887FD341090FBE7009987E8 /* CDVInvokedUrlCommand.h */; settings = {ATTRIBUTES = (Public, ); }; };
		8887FD751090FBE7009987E8 /* CDVInvokedUrlCommand.m in Sources */ = {isa = PBXBuildFile; fileRef = 8887FD351090FBE7009987E8 /* CDVInvokedUrlCommand.m */; };
		8887FD851090FBE7009987E8 /* CDVLocation.h in Headers */ = {isa = PBXBuildFile; fileRef = 8887FD461090FBE7009987E8 /* CDVLocation.h */; settings = {ATTRIBUTES = (Public, ); }; };
		8887FD861090FBE7009987E8 /* CDVLocation.m in Sources */ = {isa = PBXBuildFile; fileRef = 8887FD471090FBE7009987E8 /* CDVLocation.m */; };
		8887FD8D1090FBE7009987E8 /* CDVNotification.h in Headers */ = {isa = PBXBuildFile; fileRef = 8887FD4E1090FBE7009987E8 /* CDVNotification.h */; settings = {ATTRIBUTES = (Public, ); }; };
		8887FD8E1090FBE7009987E8 /* CDVNotification.m in Sources */ = {isa = PBXBuildFile; fileRef = 8887FD4F1090FBE7009987E8 /* CDVNotification.m */; };
		8887FD8F1090FBE7009987E8 /* NSData+Base64.h in Headers */ = {isa = PBXBuildFile; fileRef = 8887FD501090FBE7009987E8 /* NSData+Base64.h */; settings = {ATTRIBUTES = (Public, ); }; };
		8887FD901090FBE7009987E8 /* NSData+Base64.m in Sources */ = {isa = PBXBuildFile; fileRef = 8887FD511090FBE7009987E8 /* NSData+Base64.m */; };
		8887FD9D1090FBE7009987E8 /* CDVReachability.h in Headers */ = {isa = PBXBuildFile; fileRef = 8887FD5E1090FBE7009987E8 /* CDVReachability.h */; settings = {ATTRIBUTES = (Public, ); }; };
		8887FD9E1090FBE7009987E8 /* CDVReachability.m in Sources */ = {isa = PBXBuildFile; fileRef = 8887FD5F1090FBE7009987E8 /* CDVReachability.m */; };
		8887FD9F1090FBE7009987E8 /* CDVSound.h in Headers */ = {isa = PBXBuildFile; fileRef = 8887FD601090FBE7009987E8 /* CDVSound.h */; settings = {ATTRIBUTES = (Public, ); }; };
		8887FDA01090FBE7009987E8 /* CDVSound.m in Sources */ = {isa = PBXBuildFile; fileRef = 8887FD611090FBE7009987E8 /* CDVSound.m */; };
		88BA573D109BB46F00FB5E78 /* CDVAccelerometer.h in Headers */ = {isa = PBXBuildFile; fileRef = 88BA573B109BB46F00FB5E78 /* CDVAccelerometer.h */; settings = {ATTRIBUTES = (Public, ); }; };
		88BA573E109BB46F00FB5E78 /* CDVAccelerometer.m in Sources */ = {isa = PBXBuildFile; fileRef = 88BA573C109BB46F00FB5E78 /* CDVAccelerometer.m */; };
		C937A4561337599E002C4C79 /* CDVFileTransfer.h in Headers */ = {isa = PBXBuildFile; fileRef = C937A4541337599E002C4C79 /* CDVFileTransfer.h */; settings = {ATTRIBUTES = (Public, ); }; };
		C937A4571337599E002C4C79 /* CDVFileTransfer.m in Sources */ = {isa = PBXBuildFile; fileRef = C937A4551337599E002C4C79 /* CDVFileTransfer.m */; };
		EBA3550D15A5E8D100F4DE24 /* VERSION in Resources */ = {isa = PBXBuildFile; fileRef = 30325A0B136B343700982B63 /* VERSION */; };
		EBA3554615A731F100F4DE24 /* CDVFakeFileManager.m in Sources */ = {isa = PBXBuildFile; fileRef = EBA3554515A731F100F4DE24 /* CDVFakeFileManager.m */; };
		EBA3556F15ABD0C900F4DE24 /* CDVFileTransferTests.m in Sources */ = {isa = PBXBuildFile; fileRef = EBA3556E15ABD0C900F4DE24 /* CDVFileTransferTests.m */; };
		EBA3557315ABD38C00F4DE24 /* NSArray+Comparisons.h in Headers */ = {isa = PBXBuildFile; fileRef = EBA3557115ABD38C00F4DE24 /* NSArray+Comparisons.h */; settings = {ATTRIBUTES = (Public, ); }; };
		EBA3557515ABD38C00F4DE24 /* NSArray+Comparisons.m in Sources */ = {isa = PBXBuildFile; fileRef = EBA3557215ABD38C00F4DE24 /* NSArray+Comparisons.m */; };
/* End PBXBuildFile section */

/* Begin PBXContainerItemProxy section */
		30F8AE0115212553006625B3 /* PBXContainerItemProxy */ = {
			isa = PBXContainerItemProxy;
			containerPortal = 0867D690FE84028FC02AAC07 /* Project object */;
			proxyType = 1;
			remoteGlobalIDString = D2AAC07D0554694100DB518D;
			remoteInfo = CordovaLib;
		};
		30F8AE3215212F07006625B3 /* PBXContainerItemProxy */ = {
			isa = PBXContainerItemProxy;
			containerPortal = 0867D690FE84028FC02AAC07 /* Project object */;
			proxyType = 1;
			remoteGlobalIDString = 303A4067152124BB00182201;
			remoteInfo = CordovaLibApp;
		};
/* End PBXContainerItemProxy section */

/* Begin PBXFileReference section */
		1F2BECBE13F9785B00A93BF6 /* CDVBattery.h */ = {isa = PBXFileReference; fileEncoding = 4; lastKnownFileType = sourcecode.c.h; name = CDVBattery.h; path = Classes/CDVBattery.h; sourceTree = "<group>"; };
		1F2BECBF13F9785B00A93BF6 /* CDVBattery.m */ = {isa = PBXFileReference; fileEncoding = 4; lastKnownFileType = sourcecode.c.objc; name = CDVBattery.m; path = Classes/CDVBattery.m; sourceTree = "<group>"; };
		1F3C04CC12BC247D004F9E10 /* CDVContact.h */ = {isa = PBXFileReference; fileEncoding = 4; lastKnownFileType = sourcecode.c.h; name = CDVContact.h; path = Classes/CDVContact.h; sourceTree = "<group>"; };
		1F3C04CD12BC247D004F9E10 /* CDVContact.m */ = {isa = PBXFileReference; fileEncoding = 4; lastKnownFileType = sourcecode.c.objc; name = CDVContact.m; path = Classes/CDVContact.m; sourceTree = "<group>"; };
		1F584B991385A28900ED25E8 /* CDVCapture.h */ = {isa = PBXFileReference; fileEncoding = 4; lastKnownFileType = sourcecode.c.h; name = CDVCapture.h; path = Classes/CDVCapture.h; sourceTree = "<group>"; };
		1F584B9A1385A28900ED25E8 /* CDVCapture.m */ = {isa = PBXFileReference; fileEncoding = 4; lastKnownFileType = sourcecode.c.objc; name = CDVCapture.m; path = Classes/CDVCapture.m; sourceTree = "<group>"; };
		1F92F49E1314023E0046367C /* CDVPluginResult.h */ = {isa = PBXFileReference; fileEncoding = 4; lastKnownFileType = sourcecode.c.h; name = CDVPluginResult.h; path = Classes/CDVPluginResult.h; sourceTree = "<group>"; };
		1F92F49F1314023E0046367C /* CDVPluginResult.m */ = {isa = PBXFileReference; fileEncoding = 4; lastKnownFileType = sourcecode.c.objc; name = CDVPluginResult.m; path = Classes/CDVPluginResult.m; sourceTree = "<group>"; };
		301F2F2914F3C9CA003FE9FC /* CDV.h */ = {isa = PBXFileReference; fileEncoding = 4; lastKnownFileType = sourcecode.c.h; name = CDV.h; path = Classes/CDV.h; sourceTree = "<group>"; };
		302965BB13A94E9D007046C5 /* CDVDebug.h */ = {isa = PBXFileReference; fileEncoding = 4; lastKnownFileType = sourcecode.c.h; name = CDVDebug.h; path = Classes/CDVDebug.h; sourceTree = "<group>"; };
		30325A0B136B343700982B63 /* VERSION */ = {isa = PBXFileReference; fileEncoding = 4; lastKnownFileType = text; path = VERSION; sourceTree = "<group>"; };
		3034979A1513D56A0090E688 /* CDVLocalStorage.h */ = {isa = PBXFileReference; fileEncoding = 4; lastKnownFileType = sourcecode.c.h; name = CDVLocalStorage.h; path = Classes/CDVLocalStorage.h; sourceTree = "<group>"; };
		3034979B1513D56A0090E688 /* CDVLocalStorage.m */ = {isa = PBXFileReference; fileEncoding = 4; lastKnownFileType = sourcecode.c.objc; name = CDVLocalStorage.m; path = Classes/CDVLocalStorage.m; sourceTree = "<group>"; };
		30356213141049E1006C2D43 /* CDVWhitelistTests.m */ = {isa = PBXFileReference; fileEncoding = 4; lastKnownFileType = sourcecode.c.objc; path = CDVWhitelistTests.m; sourceTree = "<group>"; };
		30392E4D14F4FCAB00B9E0B8 /* CDVAvailability.h */ = {isa = PBXFileReference; fileEncoding = 4; lastKnownFileType = sourcecode.c.h; name = CDVAvailability.h; path = Classes/CDVAvailability.h; sourceTree = "<group>"; };
		303A4068152124BB00182201 /* CordovaLibApp.app */ = {isa = PBXFileReference; explicitFileType = wrapper.application; includeInIndex = 0; path = CordovaLibApp.app; sourceTree = BUILT_PRODUCTS_DIR; };
		303A406F152124BB00182201 /* CordovaLibApp-Info.plist */ = {isa = PBXFileReference; lastKnownFileType = text.plist; path = "CordovaLibApp-Info.plist"; sourceTree = "<group>"; };
		303A4071152124BB00182201 /* en */ = {isa = PBXFileReference; lastKnownFileType = text.plist.strings; name = en; path = en.lproj/InfoPlist.strings; sourceTree = "<group>"; };
		303A4073152124BB00182201 /* main.m */ = {isa = PBXFileReference; lastKnownFileType = sourcecode.c.objc; path = main.m; sourceTree = "<group>"; };
		303A4075152124BB00182201 /* CordovaLibApp-Prefix.pch */ = {isa = PBXFileReference; lastKnownFileType = sourcecode.c.h; path = "CordovaLibApp-Prefix.pch"; sourceTree = "<group>"; };
		303A4076152124BB00182201 /* AppDelegate.h */ = {isa = PBXFileReference; lastKnownFileType = sourcecode.c.h; path = AppDelegate.h; sourceTree = "<group>"; };
		303A4077152124BB00182201 /* AppDelegate.m */ = {isa = PBXFileReference; lastKnownFileType = sourcecode.c.objc; path = AppDelegate.m; sourceTree = "<group>"; };
		303A4079152124BB00182201 /* ViewController.h */ = {isa = PBXFileReference; lastKnownFileType = sourcecode.c.h; path = ViewController.h; sourceTree = "<group>"; };
		303A407A152124BB00182201 /* ViewController.m */ = {isa = PBXFileReference; lastKnownFileType = sourcecode.c.objc; path = ViewController.m; sourceTree = "<group>"; };
		3062D11E151D0EDB000D9128 /* UIDevice+Extensions.h */ = {isa = PBXFileReference; fileEncoding = 4; lastKnownFileType = sourcecode.c.h; name = "UIDevice+Extensions.h"; path = "Classes/UIDevice+Extensions.h"; sourceTree = "<group>"; };
		3062D11F151D0EDB000D9128 /* UIDevice+Extensions.m */ = {isa = PBXFileReference; fileEncoding = 4; lastKnownFileType = sourcecode.c.objc; name = "UIDevice+Extensions.m"; path = "Classes/UIDevice+Extensions.m"; sourceTree = "<group>"; };
		3062D1AD151D4D9D000D9128 /* CDVLocalStorageTests.m */ = {isa = PBXFileReference; fileEncoding = 4; lastKnownFileType = sourcecode.c.objc; path = CDVLocalStorageTests.m; sourceTree = "<group>"; };
		307A8F9C1385A2EC00E43782 /* CDVConnection.h */ = {isa = PBXFileReference; fileEncoding = 4; lastKnownFileType = sourcecode.c.h; name = CDVConnection.h; path = Classes/CDVConnection.h; sourceTree = "<group>"; };
		307A8F9D1385A2EC00E43782 /* CDVConnection.m */ = {isa = PBXFileReference; fileEncoding = 4; lastKnownFileType = sourcecode.c.objc; name = CDVConnection.m; path = Classes/CDVConnection.m; sourceTree = "<group>"; };
		30956FD0138F1F5600FC3563 /* CDVMotion.h */ = {isa = PBXFileReference; fileEncoding = 4; lastKnownFileType = sourcecode.c.h; name = CDVMotion.h; path = Classes/CDVMotion.h; sourceTree = "<group>"; };
		30956FD1138F1F5600FC3563 /* CDVMotion.m */ = {isa = PBXFileReference; fileEncoding = 4; lastKnownFileType = sourcecode.c.objc; name = CDVMotion.m; path = Classes/CDVMotion.m; sourceTree = "<group>"; };
		30A90B8F14588697006178D3 /* JSONKit.h */ = {isa = PBXFileReference; fileEncoding = 4; lastKnownFileType = sourcecode.c.h; path = JSONKit.h; sourceTree = "<group>"; };
		30A90B9014588697006178D3 /* JSONKit.m */ = {isa = PBXFileReference; fileEncoding = 4; lastKnownFileType = sourcecode.c.objc; path = JSONKit.m; sourceTree = "<group>"; };
		30AE4E8C1419532F005A9C9A /* CDVContactsTests.m */ = {isa = PBXFileReference; fileEncoding = 4; lastKnownFileType = sourcecode.c.objc; path = CDVContactsTests.m; sourceTree = "<group>"; };
		30B342F415224B360070E6A5 /* CDVWebViewTest.m */ = {isa = PBXFileReference; fileEncoding = 4; lastKnownFileType = sourcecode.c.objc; path = CDVWebViewTest.m; sourceTree = "<group>"; };
		30B39EBC13D0268B0009682A /* CDVSplashScreen.h */ = {isa = PBXFileReference; fileEncoding = 4; lastKnownFileType = sourcecode.c.h; name = CDVSplashScreen.h; path = Classes/CDVSplashScreen.h; sourceTree = "<group>"; };
		30B39EBD13D0268B0009682A /* CDVSplashScreen.m */ = {isa = PBXFileReference; fileEncoding = 4; lastKnownFileType = sourcecode.c.objc; name = CDVSplashScreen.m; path = Classes/CDVSplashScreen.m; sourceTree = "<group>"; };
		30C5F1DD15AF9E950052A00D /* CDVDevice.h */ = {isa = PBXFileReference; fileEncoding = 4; lastKnownFileType = sourcecode.c.h; name = CDVDevice.h; path = Classes/CDVDevice.h; sourceTree = "<group>"; };
		30C5F1DE15AF9E950052A00D /* CDVDevice.m */ = {isa = PBXFileReference; fileEncoding = 4; lastKnownFileType = sourcecode.c.objc; name = CDVDevice.m; path = Classes/CDVDevice.m; sourceTree = "<group>"; };
		30C6847E1406CB38004C1A8E /* CDVWhitelist.h */ = {isa = PBXFileReference; fileEncoding = 4; lastKnownFileType = sourcecode.c.h; name = CDVWhitelist.h; path = Classes/CDVWhitelist.h; sourceTree = "<group>"; };
		30C6847F1406CB38004C1A8E /* CDVWhitelist.m */ = {isa = PBXFileReference; fileEncoding = 4; lastKnownFileType = sourcecode.c.objc; name = CDVWhitelist.m; path = Classes/CDVWhitelist.m; sourceTree = "<group>"; };
		30C684921407044A004C1A8E /* CDVURLProtocol.h */ = {isa = PBXFileReference; fileEncoding = 4; lastKnownFileType = sourcecode.c.h; name = CDVURLProtocol.h; path = Classes/CDVURLProtocol.h; sourceTree = "<group>"; };
		30C684931407044A004C1A8E /* CDVURLProtocol.m */ = {isa = PBXFileReference; fileEncoding = 4; lastKnownFileType = sourcecode.c.objc; name = CDVURLProtocol.m; path = Classes/CDVURLProtocol.m; sourceTree = "<group>"; };
		30D1B08B15A2B36D0060C291 /* CDVBase64Tests.m */ = {isa = PBXFileReference; fileEncoding = 4; lastKnownFileType = sourcecode.c.objc; path = CDVBase64Tests.m; sourceTree = "<group>"; };
		30E33AF013A7E24B00594D64 /* CDVPlugin.h */ = {isa = PBXFileReference; fileEncoding = 4; lastKnownFileType = sourcecode.c.h; name = CDVPlugin.h; path = Classes/CDVPlugin.h; sourceTree = "<group>"; };
		30E33AF113A7E24B00594D64 /* CDVPlugin.m */ = {isa = PBXFileReference; fileEncoding = 4; lastKnownFileType = sourcecode.c.objc; name = CDVPlugin.m; path = Classes/CDVPlugin.m; sourceTree = "<group>"; };
		30E563CD13E217EC00C949AA /* NSMutableArray+QueueAdditions.h */ = {isa = PBXFileReference; fileEncoding = 4; lastKnownFileType = sourcecode.c.h; name = "NSMutableArray+QueueAdditions.h"; path = "Classes/NSMutableArray+QueueAdditions.h"; sourceTree = "<group>"; };
		30E563CE13E217EC00C949AA /* NSMutableArray+QueueAdditions.m */ = {isa = PBXFileReference; fileEncoding = 4; lastKnownFileType = sourcecode.c.objc; name = "NSMutableArray+QueueAdditions.m"; path = "Classes/NSMutableArray+QueueAdditions.m"; sourceTree = "<group>"; };
		30F5EBA914CA26E700987760 /* CDVCommandDelegate.h */ = {isa = PBXFileReference; fileEncoding = 4; lastKnownFileType = sourcecode.c.h; name = CDVCommandDelegate.h; path = Classes/CDVCommandDelegate.h; sourceTree = "<group>"; };
		30F8AE12152127CE006625B3 /* Cordova.plist */ = {isa = PBXFileReference; fileEncoding = 4; lastKnownFileType = text.plist.xml; path = Cordova.plist; sourceTree = "<group>"; };
		30F8AE1C152129DA006625B3 /* www */ = {isa = PBXFileReference; lastKnownFileType = folder; path = www; sourceTree = "<group>"; };
		3E76876B156A90EE00EB6FA3 /* CDVLogger.m */ = {isa = PBXFileReference; fileEncoding = 4; lastKnownFileType = sourcecode.c.objc; name = CDVLogger.m; path = Classes/CDVLogger.m; sourceTree = "<group>"; };
		3E76876C156A90EE00EB6FA3 /* CDVLogger.h */ = {isa = PBXFileReference; fileEncoding = 4; lastKnownFileType = sourcecode.c.h; name = CDVLogger.h; path = Classes/CDVLogger.h; sourceTree = "<group>"; };
		686357A9141002F100DF4CF2 /* CordovaLibTests.octest */ = {isa = PBXFileReference; explicitFileType = wrapper.cfbundle; includeInIndex = 0; path = CordovaLibTests.octest; sourceTree = BUILT_PRODUCTS_DIR; };
		686357AA141002F100DF4CF2 /* UIKit.framework */ = {isa = PBXFileReference; lastKnownFileType = wrapper.framework; name = UIKit.framework; path = System/Library/Frameworks/UIKit.framework; sourceTree = SDKROOT; };
		686357AC141002F100DF4CF2 /* Foundation.framework */ = {isa = PBXFileReference; lastKnownFileType = wrapper.framework; name = Foundation.framework; path = System/Library/Frameworks/Foundation.framework; sourceTree = SDKROOT; };
		686357AE141002F100DF4CF2 /* CoreGraphics.framework */ = {isa = PBXFileReference; lastKnownFileType = wrapper.framework; name = CoreGraphics.framework; path = System/Library/Frameworks/CoreGraphics.framework; sourceTree = SDKROOT; };
		686357B2141002F200DF4CF2 /* CordovaLibTests-Info.plist */ = {isa = PBXFileReference; lastKnownFileType = text.plist.xml; path = "CordovaLibTests-Info.plist"; sourceTree = "<group>"; };
		686357B4141002F200DF4CF2 /* en */ = {isa = PBXFileReference; lastKnownFileType = text.plist.strings; name = en; path = en.lproj/InfoPlist.strings; sourceTree = "<group>"; };
		686357B6141002F200DF4CF2 /* CordovaLibTests-Prefix.pch */ = {isa = PBXFileReference; lastKnownFileType = sourcecode.c.h; path = "CordovaLibTests-Prefix.pch"; sourceTree = "<group>"; };
		686357B9141002F200DF4CF2 /* CDVPluginResultJSONSerializationTests.m */ = {isa = PBXFileReference; lastKnownFileType = sourcecode.c.objc; path = CDVPluginResultJSONSerializationTests.m; sourceTree = "<group>"; };
		686357CC14100AAD00DF4CF2 /* AddressBookUI.framework */ = {isa = PBXFileReference; lastKnownFileType = wrapper.framework; name = AddressBookUI.framework; path = System/Library/Frameworks/AddressBookUI.framework; sourceTree = SDKROOT; };
		686357CE14100ADA00DF4CF2 /* AudioToolbox.framework */ = {isa = PBXFileReference; lastKnownFileType = wrapper.framework; name = AudioToolbox.framework; path = System/Library/Frameworks/AudioToolbox.framework; sourceTree = SDKROOT; };
		686357CF14100ADB00DF4CF2 /* AVFoundation.framework */ = {isa = PBXFileReference; lastKnownFileType = wrapper.framework; name = AVFoundation.framework; path = System/Library/Frameworks/AVFoundation.framework; sourceTree = SDKROOT; };
		686357D014100ADE00DF4CF2 /* CoreLocation.framework */ = {isa = PBXFileReference; lastKnownFileType = wrapper.framework; name = CoreLocation.framework; path = System/Library/Frameworks/CoreLocation.framework; sourceTree = SDKROOT; };
		686357D214100AE700DF4CF2 /* MobileCoreServices.framework */ = {isa = PBXFileReference; lastKnownFileType = wrapper.framework; name = MobileCoreServices.framework; path = System/Library/Frameworks/MobileCoreServices.framework; sourceTree = SDKROOT; };
		686357D414100AF200DF4CF2 /* SystemConfiguration.framework */ = {isa = PBXFileReference; lastKnownFileType = wrapper.framework; name = SystemConfiguration.framework; path = System/Library/Frameworks/SystemConfiguration.framework; sourceTree = SDKROOT; };
		686357DC14100B1600DF4CF2 /* CoreMedia.framework */ = {isa = PBXFileReference; lastKnownFileType = wrapper.framework; name = CoreMedia.framework; path = System/Library/Frameworks/CoreMedia.framework; sourceTree = SDKROOT; };
		68A32D7114102E1C006B237C /* libCordova.a */ = {isa = PBXFileReference; explicitFileType = archive.ar; includeInIndex = 0; path = libCordova.a; sourceTree = BUILT_PRODUCTS_DIR; };
		68A32D7414103017006B237C /* AddressBook.framework */ = {isa = PBXFileReference; lastKnownFileType = wrapper.framework; name = AddressBook.framework; path = System/Library/Frameworks/AddressBook.framework; sourceTree = SDKROOT; };
		8852C43614B65FD800F0E735 /* CDVViewController.h */ = {isa = PBXFileReference; fileEncoding = 4; lastKnownFileType = sourcecode.c.h; name = CDVViewController.h; path = Classes/CDVViewController.h; sourceTree = "<group>"; };
		8852C43714B65FD800F0E735 /* CDVViewController.m */ = {isa = PBXFileReference; fileEncoding = 4; lastKnownFileType = sourcecode.c.objc; name = CDVViewController.m; path = Classes/CDVViewController.m; sourceTree = "<group>"; };
		8852C43814B65FD800F0E735 /* CDVCordovaView.h */ = {isa = PBXFileReference; fileEncoding = 4; lastKnownFileType = sourcecode.c.h; name = CDVCordovaView.h; path = Classes/CDVCordovaView.h; sourceTree = "<group>"; };
		8852C43914B65FD800F0E735 /* CDVCordovaView.m */ = {isa = PBXFileReference; fileEncoding = 4; lastKnownFileType = sourcecode.c.objc; name = CDVCordovaView.m; path = Classes/CDVCordovaView.m; sourceTree = "<group>"; };
		8887FD261090FBE7009987E8 /* CDVCamera.h */ = {isa = PBXFileReference; fileEncoding = 4; lastKnownFileType = sourcecode.c.h; name = CDVCamera.h; path = Classes/CDVCamera.h; sourceTree = "<group>"; };
		8887FD271090FBE7009987E8 /* CDVCamera.m */ = {isa = PBXFileReference; fileEncoding = 4; lastKnownFileType = sourcecode.c.objc; name = CDVCamera.m; path = Classes/CDVCamera.m; sourceTree = "<group>"; };
		8887FD281090FBE7009987E8 /* NSDictionary+Extensions.h */ = {isa = PBXFileReference; fileEncoding = 4; lastKnownFileType = sourcecode.c.h; name = "NSDictionary+Extensions.h"; path = "Classes/NSDictionary+Extensions.h"; sourceTree = "<group>"; };
		8887FD291090FBE7009987E8 /* NSDictionary+Extensions.m */ = {isa = PBXFileReference; fileEncoding = 4; lastKnownFileType = sourcecode.c.objc; name = "NSDictionary+Extensions.m"; path = "Classes/NSDictionary+Extensions.m"; sourceTree = "<group>"; };
		8887FD2A1090FBE7009987E8 /* CDVContacts.h */ = {isa = PBXFileReference; fileEncoding = 4; lastKnownFileType = sourcecode.c.h; name = CDVContacts.h; path = Classes/CDVContacts.h; sourceTree = "<group>"; };
		8887FD2B1090FBE7009987E8 /* CDVContacts.m */ = {isa = PBXFileReference; fileEncoding = 4; lastKnownFileType = sourcecode.c.objc; name = CDVContacts.m; path = Classes/CDVContacts.m; sourceTree = "<group>"; };
		8887FD2C1090FBE7009987E8 /* CDVDebugConsole.h */ = {isa = PBXFileReference; fileEncoding = 4; lastKnownFileType = sourcecode.c.h; name = CDVDebugConsole.h; path = Classes/CDVDebugConsole.h; sourceTree = "<group>"; };
		8887FD2D1090FBE7009987E8 /* CDVDebugConsole.m */ = {isa = PBXFileReference; fileEncoding = 4; lastKnownFileType = sourcecode.c.objc; name = CDVDebugConsole.m; path = Classes/CDVDebugConsole.m; sourceTree = "<group>"; };
		8887FD301090FBE7009987E8 /* CDVFile.h */ = {isa = PBXFileReference; fileEncoding = 4; lastKnownFileType = sourcecode.c.h; name = CDVFile.h; path = Classes/CDVFile.h; sourceTree = "<group>"; };
		8887FD311090FBE7009987E8 /* CDVFile.m */ = {isa = PBXFileReference; fileEncoding = 4; lastKnownFileType = sourcecode.c.objc; name = CDVFile.m; path = Classes/CDVFile.m; sourceTree = "<group>"; };
		8887FD341090FBE7009987E8 /* CDVInvokedUrlCommand.h */ = {isa = PBXFileReference; fileEncoding = 4; lastKnownFileType = sourcecode.c.h; name = CDVInvokedUrlCommand.h; path = Classes/CDVInvokedUrlCommand.h; sourceTree = "<group>"; };
		8887FD351090FBE7009987E8 /* CDVInvokedUrlCommand.m */ = {isa = PBXFileReference; fileEncoding = 4; lastKnownFileType = sourcecode.c.objc; name = CDVInvokedUrlCommand.m; path = Classes/CDVInvokedUrlCommand.m; sourceTree = "<group>"; };
		8887FD461090FBE7009987E8 /* CDVLocation.h */ = {isa = PBXFileReference; fileEncoding = 4; lastKnownFileType = sourcecode.c.h; name = CDVLocation.h; path = Classes/CDVLocation.h; sourceTree = "<group>"; };
		8887FD471090FBE7009987E8 /* CDVLocation.m */ = {isa = PBXFileReference; fileEncoding = 4; lastKnownFileType = sourcecode.c.objc; name = CDVLocation.m; path = Classes/CDVLocation.m; sourceTree = "<group>"; };
		8887FD4E1090FBE7009987E8 /* CDVNotification.h */ = {isa = PBXFileReference; fileEncoding = 4; lastKnownFileType = sourcecode.c.h; name = CDVNotification.h; path = Classes/CDVNotification.h; sourceTree = "<group>"; };
		8887FD4F1090FBE7009987E8 /* CDVNotification.m */ = {isa = PBXFileReference; fileEncoding = 4; lastKnownFileType = sourcecode.c.objc; name = CDVNotification.m; path = Classes/CDVNotification.m; sourceTree = "<group>"; };
		8887FD501090FBE7009987E8 /* NSData+Base64.h */ = {isa = PBXFileReference; fileEncoding = 4; lastKnownFileType = sourcecode.c.h; name = "NSData+Base64.h"; path = "Classes/NSData+Base64.h"; sourceTree = "<group>"; };
		8887FD511090FBE7009987E8 /* NSData+Base64.m */ = {isa = PBXFileReference; fileEncoding = 4; lastKnownFileType = sourcecode.c.objc; name = "NSData+Base64.m"; path = "Classes/NSData+Base64.m"; sourceTree = "<group>"; };
		8887FD5E1090FBE7009987E8 /* CDVReachability.h */ = {isa = PBXFileReference; fileEncoding = 4; lastKnownFileType = sourcecode.c.h; name = CDVReachability.h; path = Classes/CDVReachability.h; sourceTree = "<group>"; };
		8887FD5F1090FBE7009987E8 /* CDVReachability.m */ = {isa = PBXFileReference; fileEncoding = 4; lastKnownFileType = sourcecode.c.objc; name = CDVReachability.m; path = Classes/CDVReachability.m; sourceTree = "<group>"; };
		8887FD601090FBE7009987E8 /* CDVSound.h */ = {isa = PBXFileReference; fileEncoding = 4; lastKnownFileType = sourcecode.c.h; name = CDVSound.h; path = Classes/CDVSound.h; sourceTree = "<group>"; };
		8887FD611090FBE7009987E8 /* CDVSound.m */ = {isa = PBXFileReference; fileEncoding = 4; lastKnownFileType = sourcecode.c.objc; name = CDVSound.m; path = Classes/CDVSound.m; sourceTree = "<group>"; };
		88BA573B109BB46F00FB5E78 /* CDVAccelerometer.h */ = {isa = PBXFileReference; fileEncoding = 4; lastKnownFileType = sourcecode.c.h; name = CDVAccelerometer.h; path = Classes/CDVAccelerometer.h; sourceTree = "<group>"; };
		88BA573C109BB46F00FB5E78 /* CDVAccelerometer.m */ = {isa = PBXFileReference; fileEncoding = 4; lastKnownFileType = sourcecode.c.objc; name = CDVAccelerometer.m; path = Classes/CDVAccelerometer.m; sourceTree = "<group>"; };
		AA747D9E0F9514B9006C5449 /* CordovaLib_Prefix.pch */ = {isa = PBXFileReference; fileEncoding = 4; lastKnownFileType = sourcecode.c.h; path = CordovaLib_Prefix.pch; sourceTree = SOURCE_ROOT; };
		C937A4541337599E002C4C79 /* CDVFileTransfer.h */ = {isa = PBXFileReference; fileEncoding = 4; lastKnownFileType = sourcecode.c.h; name = CDVFileTransfer.h; path = Classes/CDVFileTransfer.h; sourceTree = "<group>"; };
		C937A4551337599E002C4C79 /* CDVFileTransfer.m */ = {isa = PBXFileReference; fileEncoding = 4; lastKnownFileType = sourcecode.c.objc; name = CDVFileTransfer.m; path = Classes/CDVFileTransfer.m; sourceTree = "<group>"; };
		EBA3550F15A5F18900F4DE24 /* CDVWebViewTest.h */ = {isa = PBXFileReference; lastKnownFileType = sourcecode.c.h; path = CDVWebViewTest.h; sourceTree = "<group>"; };
		EBA3554415A731F100F4DE24 /* CDVFakeFileManager.h */ = {isa = PBXFileReference; fileEncoding = 4; lastKnownFileType = sourcecode.c.h; path = CDVFakeFileManager.h; sourceTree = "<group>"; };
		EBA3554515A731F100F4DE24 /* CDVFakeFileManager.m */ = {isa = PBXFileReference; fileEncoding = 4; lastKnownFileType = sourcecode.c.objc; path = CDVFakeFileManager.m; sourceTree = "<group>"; };
		EBA3556E15ABD0C900F4DE24 /* CDVFileTransferTests.m */ = {isa = PBXFileReference; fileEncoding = 4; lastKnownFileType = sourcecode.c.objc; path = CDVFileTransferTests.m; sourceTree = "<group>"; };
		EBA3557115ABD38C00F4DE24 /* NSArray+Comparisons.h */ = {isa = PBXFileReference; fileEncoding = 4; lastKnownFileType = sourcecode.c.h; name = "NSArray+Comparisons.h"; path = "Classes/NSArray+Comparisons.h"; sourceTree = "<group>"; };
		EBA3557215ABD38C00F4DE24 /* NSArray+Comparisons.m */ = {isa = PBXFileReference; fileEncoding = 4; lastKnownFileType = sourcecode.c.objc; name = "NSArray+Comparisons.m"; path = "Classes/NSArray+Comparisons.m"; sourceTree = "<group>"; };
/* End PBXFileReference section */

/* Begin PBXFrameworksBuildPhase section */
		303A4065152124BB00182201 /* Frameworks */ = {
			isa = PBXFrameworksBuildPhase;
			buildActionMask = 2147483647;
			files = (
				30F8AE0C152125B6006625B3 /* MobileCoreServices.framework in Frameworks */,
				30F8AE0515212587006625B3 /* AddressBook.framework in Frameworks */,
				30F8AE0615212587006625B3 /* AddressBookUI.framework in Frameworks */,
				30F8AE0715212587006625B3 /* AudioToolbox.framework in Frameworks */,
				30F8AE0815212587006625B3 /* AVFoundation.framework in Frameworks */,
				30F8AE0915212587006625B3 /* CoreLocation.framework in Frameworks */,
				30F8AE0A15212587006625B3 /* CoreMedia.framework in Frameworks */,
				303A406B152124BB00182201 /* Foundation.framework in Frameworks */,
				30F8AE0B15212587006625B3 /* SystemConfiguration.framework in Frameworks */,
				303A406A152124BB00182201 /* UIKit.framework in Frameworks */,
				30F8AE0415212558006625B3 /* libCordova.a in Frameworks */,
				303A406C152124BB00182201 /* CoreGraphics.framework in Frameworks */,
			);
			runOnlyForDeploymentPostprocessing = 0;
		};
		686357A5141002F100DF4CF2 /* Frameworks */ = {
			isa = PBXFrameworksBuildPhase;
			buildActionMask = 2147483647;
			files = (
				68A32D7514103017006B237C /* AddressBook.framework in Frameworks */,
				68A32D7614103078006B237C /* CoreMedia.framework in Frameworks */,
				68A32D7714103082006B237C /* AudioToolbox.framework in Frameworks */,
				68A32D781410308B006B237C /* AVFoundation.framework in Frameworks */,
				68A32D7914103097006B237C /* CoreLocation.framework in Frameworks */,
				68A32D7A141030AB006B237C /* MobileCoreServices.framework in Frameworks */,
				68A32D7B141030C8006B237C /* SystemConfiguration.framework in Frameworks */,
				68A32D7C141030D0006B237C /* AddressBookUI.framework in Frameworks */,
				68A32D7D141030E4006B237C /* CoreGraphics.framework in Frameworks */,
				68A32D7E141030EB006B237C /* UIKit.framework in Frameworks */,
				68A32D7F141030F3006B237C /* Foundation.framework in Frameworks */,
			);
			runOnlyForDeploymentPostprocessing = 0;
		};
		D2AAC07C0554694100DB518D /* Frameworks */ = {
			isa = PBXFrameworksBuildPhase;
			buildActionMask = 2147483647;
			files = (
			);
			runOnlyForDeploymentPostprocessing = 0;
		};
/* End PBXFrameworksBuildPhase section */

/* Begin PBXGroup section */
		034768DFFF38A50411DB9C8B /* Products */ = {
			isa = PBXGroup;
			children = (
				686357A9141002F100DF4CF2 /* CordovaLibTests.octest */,
				68A32D7114102E1C006B237C /* libCordova.a */,
				303A4068152124BB00182201 /* CordovaLibApp.app */,
			);
			name = Products;
			sourceTree = CORDOVALIB;
		};
		0867D691FE84028FC02AAC07 /* CordovaLib */ = {
			isa = PBXGroup;
			children = (
				8887FD101090FB43009987E8 /* Classes */,
				32C88DFF0371C24200C91783 /* Other Sources */,
				686357B0141002F100DF4CF2 /* CordovaLibTests */,
				303A406D152124BB00182201 /* CordovaLibApp */,
				0867D69AFE84028FC02AAC07 /* Frameworks */,
				034768DFFF38A50411DB9C8B /* Products */,
				30325A0B136B343700982B63 /* VERSION */,
			);
			name = CordovaLib;
			sourceTree = "<group>";
		};
		0867D69AFE84028FC02AAC07 /* Frameworks */ = {
			isa = PBXGroup;
			children = (
				68A32D7414103017006B237C /* AddressBook.framework */,
				686357DC14100B1600DF4CF2 /* CoreMedia.framework */,
				686357CE14100ADA00DF4CF2 /* AudioToolbox.framework */,
				686357CF14100ADB00DF4CF2 /* AVFoundation.framework */,
				686357D014100ADE00DF4CF2 /* CoreLocation.framework */,
				686357D214100AE700DF4CF2 /* MobileCoreServices.framework */,
				686357D414100AF200DF4CF2 /* SystemConfiguration.framework */,
				686357CC14100AAD00DF4CF2 /* AddressBookUI.framework */,
				686357AA141002F100DF4CF2 /* UIKit.framework */,
				686357AC141002F100DF4CF2 /* Foundation.framework */,
				686357AE141002F100DF4CF2 /* CoreGraphics.framework */,
			);
			name = Frameworks;
			sourceTree = "<group>";
		};
		303A406D152124BB00182201 /* CordovaLibApp */ = {
			isa = PBXGroup;
			children = (
				30F8AE1C152129DA006625B3 /* www */,
				303A4076152124BB00182201 /* AppDelegate.h */,
				303A4077152124BB00182201 /* AppDelegate.m */,
				303A4079152124BB00182201 /* ViewController.h */,
				303A407A152124BB00182201 /* ViewController.m */,
				303A406E152124BB00182201 /* Supporting Files */,
			);
			path = CordovaLibApp;
			sourceTree = "<group>";
		};
		303A406E152124BB00182201 /* Supporting Files */ = {
			isa = PBXGroup;
			children = (
				30F8AE12152127CE006625B3 /* Cordova.plist */,
				303A406F152124BB00182201 /* CordovaLibApp-Info.plist */,
				303A4070152124BB00182201 /* InfoPlist.strings */,
				303A4073152124BB00182201 /* main.m */,
				303A4075152124BB00182201 /* CordovaLibApp-Prefix.pch */,
			);
			name = "Supporting Files";
			sourceTree = "<group>";
		};
		3054098714B77FF3009841CA /* Cleaver */ = {
			isa = PBXGroup;
			children = (
				8852C43614B65FD800F0E735 /* CDVViewController.h */,
				8852C43714B65FD800F0E735 /* CDVViewController.m */,
				8852C43814B65FD800F0E735 /* CDVCordovaView.h */,
				8852C43914B65FD800F0E735 /* CDVCordovaView.m */,
			);
			name = Cleaver;
			sourceTree = "<group>";
		};
		32C88DFF0371C24200C91783 /* Other Sources */ = {
			isa = PBXGroup;
			children = (
				AA747D9E0F9514B9006C5449 /* CordovaLib_Prefix.pch */,
			);
			name = "Other Sources";
			sourceTree = "<group>";
		};
		686357B0141002F100DF4CF2 /* CordovaLibTests */ = {
			isa = PBXGroup;
			children = (
				EBA3554415A731F100F4DE24 /* CDVFakeFileManager.h */,
				EBA3554515A731F100F4DE24 /* CDVFakeFileManager.m */,
				EBA3550F15A5F18900F4DE24 /* CDVWebViewTest.h */,
				30B342F415224B360070E6A5 /* CDVWebViewTest.m */,
				30D1B08B15A2B36D0060C291 /* CDVBase64Tests.m */,
				EBA3556E15ABD0C900F4DE24 /* CDVFileTransferTests.m */,
				3062D1AD151D4D9D000D9128 /* CDVLocalStorageTests.m */,
				686357B9141002F200DF4CF2 /* CDVPluginResultJSONSerializationTests.m */,
				30356213141049E1006C2D43 /* CDVWhitelistTests.m */,
				30AE4E8C1419532F005A9C9A /* CDVContactsTests.m */,
				686357B1141002F200DF4CF2 /* Supporting Files */,
			);
			path = CordovaLibTests;
			sourceTree = "<group>";
		};
		686357B1141002F200DF4CF2 /* Supporting Files */ = {
			isa = PBXGroup;
			children = (
				686357B2141002F200DF4CF2 /* CordovaLibTests-Info.plist */,
				686357B3141002F200DF4CF2 /* InfoPlist.strings */,
				686357B6141002F200DF4CF2 /* CordovaLibTests-Prefix.pch */,
			);
			name = "Supporting Files";
			sourceTree = "<group>";
		};
		888700D710922F56009987E8 /* Commands */ = {
			isa = PBXGroup;
			children = (
				30C5F1DD15AF9E950052A00D /* CDVDevice.h */,
				30C5F1DE15AF9E950052A00D /* CDVDevice.m */,
				301F2F2914F3C9CA003FE9FC /* CDV.h */,
				3034979A1513D56A0090E688 /* CDVLocalStorage.h */,
				3034979B1513D56A0090E688 /* CDVLocalStorage.m */,
				30392E4D14F4FCAB00B9E0B8 /* CDVAvailability.h */,
				30F5EBA914CA26E700987760 /* CDVCommandDelegate.h */,
				30C684921407044A004C1A8E /* CDVURLProtocol.h */,
				30C684931407044A004C1A8E /* CDVURLProtocol.m */,
				30C6847E1406CB38004C1A8E /* CDVWhitelist.h */,
				30C6847F1406CB38004C1A8E /* CDVWhitelist.m */,
				1F2BECBE13F9785B00A93BF6 /* CDVBattery.h */,
				1F2BECBF13F9785B00A93BF6 /* CDVBattery.m */,
				30B39EBC13D0268B0009682A /* CDVSplashScreen.h */,
				30B39EBD13D0268B0009682A /* CDVSplashScreen.m */,
				30E33AF013A7E24B00594D64 /* CDVPlugin.h */,
				30E33AF113A7E24B00594D64 /* CDVPlugin.m */,
				30956FD0138F1F5600FC3563 /* CDVMotion.h */,
				30956FD1138F1F5600FC3563 /* CDVMotion.m */,
				307A8F9C1385A2EC00E43782 /* CDVConnection.h */,
				307A8F9D1385A2EC00E43782 /* CDVConnection.m */,
				1F92F49E1314023E0046367C /* CDVPluginResult.h */,
				1F92F49F1314023E0046367C /* CDVPluginResult.m */,
				88BA573B109BB46F00FB5E78 /* CDVAccelerometer.h */,
				88BA573C109BB46F00FB5E78 /* CDVAccelerometer.m */,
				8887FD261090FBE7009987E8 /* CDVCamera.h */,
				8887FD271090FBE7009987E8 /* CDVCamera.m */,
				1F584B991385A28900ED25E8 /* CDVCapture.h */,
				1F584B9A1385A28900ED25E8 /* CDVCapture.m */,
				1F3C04CC12BC247D004F9E10 /* CDVContact.h */,
				1F3C04CD12BC247D004F9E10 /* CDVContact.m */,
				8887FD2A1090FBE7009987E8 /* CDVContacts.h */,
				8887FD2B1090FBE7009987E8 /* CDVContacts.m */,
				8887FD2C1090FBE7009987E8 /* CDVDebugConsole.h */,
				8887FD2D1090FBE7009987E8 /* CDVDebugConsole.m */,
				8887FD301090FBE7009987E8 /* CDVFile.h */,
				8887FD311090FBE7009987E8 /* CDVFile.m */,
				8887FD341090FBE7009987E8 /* CDVInvokedUrlCommand.h */,
				8887FD351090FBE7009987E8 /* CDVInvokedUrlCommand.m */,
				C937A4541337599E002C4C79 /* CDVFileTransfer.h */,
				C937A4551337599E002C4C79 /* CDVFileTransfer.m */,
				8887FD461090FBE7009987E8 /* CDVLocation.h */,
				8887FD471090FBE7009987E8 /* CDVLocation.m */,
				8887FD4E1090FBE7009987E8 /* CDVNotification.h */,
				8887FD4F1090FBE7009987E8 /* CDVNotification.m */,
				8887FD5E1090FBE7009987E8 /* CDVReachability.h */,
				8887FD5F1090FBE7009987E8 /* CDVReachability.m */,
				8887FD601090FBE7009987E8 /* CDVSound.h */,
				8887FD611090FBE7009987E8 /* CDVSound.m */,
				3E76876B156A90EE00EB6FA3 /* CDVLogger.m */,
				3E76876C156A90EE00EB6FA3 /* CDVLogger.h */,
			);
			name = Commands;
			sourceTree = "<group>";
		};
		888700D910923009009987E8 /* Util */ = {
			isa = PBXGroup;
			children = (
				3062D11E151D0EDB000D9128 /* UIDevice+Extensions.h */,
				3062D11F151D0EDB000D9128 /* UIDevice+Extensions.m */,
				EBA3557115ABD38C00F4DE24 /* NSArray+Comparisons.h */,
				EBA3557215ABD38C00F4DE24 /* NSArray+Comparisons.m */,
				8887FD281090FBE7009987E8 /* NSDictionary+Extensions.h */,
				8887FD291090FBE7009987E8 /* NSDictionary+Extensions.m */,
				302965BB13A94E9D007046C5 /* CDVDebug.h */,
				30E563CD13E217EC00C949AA /* NSMutableArray+QueueAdditions.h */,
				30E563CE13E217EC00C949AA /* NSMutableArray+QueueAdditions.m */,
				8887FD501090FBE7009987E8 /* NSData+Base64.h */,
				8887FD511090FBE7009987E8 /* NSData+Base64.m */,
			);
			name = Util;
			sourceTree = "<group>";
		};
		8887FD101090FB43009987E8 /* Classes */ = {
			isa = PBXGroup;
			children = (
				3054098714B77FF3009841CA /* Cleaver */,
				888700D710922F56009987E8 /* Commands */,
				8887FD361090FBE7009987E8 /* JSON */,
				888700D910923009009987E8 /* Util */,
			);
			name = Classes;
			sourceTree = "<group>";
		};
		8887FD361090FBE7009987E8 /* JSON */ = {
			isa = PBXGroup;
			children = (
				30A90B8F14588697006178D3 /* JSONKit.h */,
				30A90B9014588697006178D3 /* JSONKit.m */,
			);
			name = JSON;
			path = Classes/JSON;
			sourceTree = "<group>";
		};
/* End PBXGroup section */

/* Begin PBXHeadersBuildPhase section */
		D2AAC07A0554694100DB518D /* Headers */ = {
			isa = PBXHeadersBuildPhase;
			buildActionMask = 2147483647;
			files = (
				8887FD661090FBE7009987E8 /* CDVCamera.h in Headers */,
				8887FD681090FBE7009987E8 /* NSDictionary+Extensions.h in Headers */,
				8887FD6A1090FBE7009987E8 /* CDVContacts.h in Headers */,
				8887FD6C1090FBE7009987E8 /* CDVDebugConsole.h in Headers */,
				8887FD701090FBE7009987E8 /* CDVFile.h in Headers */,
				8887FD741090FBE7009987E8 /* CDVInvokedUrlCommand.h in Headers */,
				8887FD851090FBE7009987E8 /* CDVLocation.h in Headers */,
				8887FD8D1090FBE7009987E8 /* CDVNotification.h in Headers */,
				8887FD8F1090FBE7009987E8 /* NSData+Base64.h in Headers */,
				8887FD9D1090FBE7009987E8 /* CDVReachability.h in Headers */,
				8887FD9F1090FBE7009987E8 /* CDVSound.h in Headers */,
				88BA573D109BB46F00FB5E78 /* CDVAccelerometer.h in Headers */,
				1F3C04CE12BC247D004F9E10 /* CDVContact.h in Headers */,
				1F92F4A01314023E0046367C /* CDVPluginResult.h in Headers */,
				C937A4561337599E002C4C79 /* CDVFileTransfer.h in Headers */,
				307A8F9E1385A2EC00E43782 /* CDVConnection.h in Headers */,
				30956FD2138F1F5600FC3563 /* CDVMotion.h in Headers */,
				1F584B9B1385A28A00ED25E8 /* CDVCapture.h in Headers */,
				30E33AF213A7E24B00594D64 /* CDVPlugin.h in Headers */,
				302965BC13A94E9D007046C5 /* CDVDebug.h in Headers */,
				30B39EBE13D0268B0009682A /* CDVSplashScreen.h in Headers */,
				30E563CF13E217EC00C949AA /* NSMutableArray+QueueAdditions.h in Headers */,
				1F2BECC013F9785B00A93BF6 /* CDVBattery.h in Headers */,
				30C684801406CB38004C1A8E /* CDVWhitelist.h in Headers */,
				30C684941407044B004C1A8E /* CDVURLProtocol.h in Headers */,
				30A90B9114588697006178D3 /* JSONKit.h in Headers */,
				8852C43A14B65FD800F0E735 /* CDVViewController.h in Headers */,
				8852C43F14B65FD800F0E735 /* CDVCordovaView.h in Headers */,
				30F5EBAB14CA26E700987760 /* CDVCommandDelegate.h in Headers */,
				301F2F2A14F3C9CA003FE9FC /* CDV.h in Headers */,
				30392E4E14F4FCAB00B9E0B8 /* CDVAvailability.h in Headers */,
				3034979C1513D56A0090E688 /* CDVLocalStorage.h in Headers */,
				3062D120151D0EDB000D9128 /* UIDevice+Extensions.h in Headers */,
				3E76876F156A90EE00EB6FA3 /* CDVLogger.h in Headers */,
				EBA3557315ABD38C00F4DE24 /* NSArray+Comparisons.h in Headers */,
				30C5F1DF15AF9E950052A00D /* CDVDevice.h in Headers */,
			);
			runOnlyForDeploymentPostprocessing = 0;
		};
/* End PBXHeadersBuildPhase section */

/* Begin PBXNativeTarget section */
		303A4067152124BB00182201 /* CordovaLibApp */ = {
			isa = PBXNativeTarget;
			buildConfigurationList = 303A4082152124BB00182201 /* Build configuration list for PBXNativeTarget "CordovaLibApp" */;
			buildPhases = (
				303A4064152124BB00182201 /* Sources */,
				303A4065152124BB00182201 /* Frameworks */,
				303A4066152124BB00182201 /* Resources */,
				30F8AE1615212883006625B3 /* ShellScript */,
			);
			buildRules = (
			);
			dependencies = (
				30F8AE0215212553006625B3 /* PBXTargetDependency */,
			);
			name = CordovaLibApp;
			productName = CordovaLibApp;
			productReference = 303A4068152124BB00182201 /* CordovaLibApp.app */;
			productType = "com.apple.product-type.application";
		};
		686357A8141002F100DF4CF2 /* CordovaLibTests */ = {
			isa = PBXNativeTarget;
			buildConfigurationList = 686357BD141002F200DF4CF2 /* Build configuration list for PBXNativeTarget "CordovaLibTests" */;
			buildPhases = (
				686357A4141002F100DF4CF2 /* Sources */,
				686357A5141002F100DF4CF2 /* Frameworks */,
				686357A6141002F100DF4CF2 /* Resources */,
				686357A7141002F100DF4CF2 /* ShellScript */,
			);
			buildRules = (
			);
			dependencies = (
				30F8AE3315212F07006625B3 /* PBXTargetDependency */,
			);
			name = CordovaLibTests;
			productName = CordovaLibTests;
			productReference = 686357A9141002F100DF4CF2 /* CordovaLibTests.octest */;
			productType = "com.apple.product-type.bundle";
		};
		D2AAC07D0554694100DB518D /* CordovaLib */ = {
			isa = PBXNativeTarget;
			buildConfigurationList = 1DEB921E08733DC00010E9CD /* Build configuration list for PBXNativeTarget "CordovaLib" */;
			buildPhases = (
				3044C11210BC6AEE00581BFB /* Make cordova.js */,
				D2AAC07A0554694100DB518D /* Headers */,
				D2AAC07B0554694100DB518D /* Sources */,
				D2AAC07C0554694100DB518D /* Frameworks */,
			);
			buildRules = (
			);
			dependencies = (
			);
			name = CordovaLib;
			productName = CordovaLib;
			productReference = 68A32D7114102E1C006B237C /* libCordova.a */;
			productType = "com.apple.product-type.library.static";
		};
/* End PBXNativeTarget section */

/* Begin PBXProject section */
		0867D690FE84028FC02AAC07 /* Project object */ = {
			isa = PBXProject;
			attributes = {
				LastUpgradeCheck = 0430;
			};
			buildConfigurationList = 1DEB922208733DC00010E9CD /* Build configuration list for PBXProject "CordovaLib" */;
			compatibilityVersion = "Xcode 3.2";
			developmentRegion = English;
			hasScannedForEncodings = 1;
			knownRegions = (
				English,
				Japanese,
				French,
				German,
				en,
			);
			mainGroup = 0867D691FE84028FC02AAC07 /* CordovaLib */;
			productRefGroup = 034768DFFF38A50411DB9C8B /* Products */;
			projectDirPath = "";
			projectRoot = "";
			targets = (
				D2AAC07D0554694100DB518D /* CordovaLib */,
				686357A8141002F100DF4CF2 /* CordovaLibTests */,
				303A4067152124BB00182201 /* CordovaLibApp */,
			);
		};
/* End PBXProject section */

/* Begin PBXResourcesBuildPhase section */
		303A4066152124BB00182201 /* Resources */ = {
			isa = PBXResourcesBuildPhase;
			buildActionMask = 2147483647;
			files = (
				303A4072152124BB00182201 /* InfoPlist.strings in Resources */,
				30F8AE13152127CE006625B3 /* Cordova.plist in Resources */,
				EBA3550D15A5E8D100F4DE24 /* VERSION in Resources */,
				30F8AE1D152129DA006625B3 /* www in Resources */,
			);
			runOnlyForDeploymentPostprocessing = 0;
		};
		686357A6141002F100DF4CF2 /* Resources */ = {
			isa = PBXResourcesBuildPhase;
			buildActionMask = 2147483647;
			files = (
				686357B5141002F200DF4CF2 /* InfoPlist.strings in Resources */,
			);
			runOnlyForDeploymentPostprocessing = 0;
		};
/* End PBXResourcesBuildPhase section */

/* Begin PBXShellScriptBuildPhase section */
		3044C11210BC6AEE00581BFB /* Make cordova.js */ = {
			isa = PBXShellScriptBuildPhase;
			buildActionMask = 2147483647;
			files = (
			);
			inputPaths = (
			);
			name = "Make cordova.js";
			outputPaths = (
			);
			runOnlyForDeploymentPostprocessing = 0;
			shellPath = /bin/sh;
			shellScript = "make
";
		};
		30F8AE1615212883006625B3 /* ShellScript */ = {
			isa = PBXShellScriptBuildPhase;
			buildActionMask = 2147483647;
			files = (
			);
			inputPaths = (
				"",
			);
			outputPaths = (
			);
			runOnlyForDeploymentPostprocessing = 0;
			shellPath = /bin/sh;
			shellScript = "cp ${PROJECT_DIR}/javascript/cordova.ios.js ${PROJECT_DIR}/CordovaLibApp/www";
			showEnvVarsInLog = 0;
		};
		686357A7141002F100DF4CF2 /* ShellScript */ = {
			isa = PBXShellScriptBuildPhase;
			buildActionMask = 2147483647;
			files = (
			);
			inputPaths = (
			);
			outputPaths = (
			);
			runOnlyForDeploymentPostprocessing = 0;
			shellPath = /bin/sh;
			shellScript = "# Run the unit tests in this test bundle.\n\"${SYSTEM_DEVELOPER_DIR}/Tools/RunUnitTests\"\n";
		};
/* End PBXShellScriptBuildPhase section */

/* Begin PBXSourcesBuildPhase section */
		303A4064152124BB00182201 /* Sources */ = {
			isa = PBXSourcesBuildPhase;
			buildActionMask = 2147483647;
			files = (
				303A4074152124BB00182201 /* main.m in Sources */,
				303A4078152124BB00182201 /* AppDelegate.m in Sources */,
				303A407B152124BB00182201 /* ViewController.m in Sources */,
			);
			runOnlyForDeploymentPostprocessing = 0;
		};
		686357A4141002F100DF4CF2 /* Sources */ = {
			isa = PBXSourcesBuildPhase;
			buildActionMask = 2147483647;
			files = (
				3035621714104C34006C2D43 /* CDVWhitelistTests.m in Sources */,
				686357BA141002F200DF4CF2 /* CDVPluginResultJSONSerializationTests.m in Sources */,
				30AE4E8D1419532F005A9C9A /* CDVContactsTests.m in Sources */,
				3062D1AE151D4D9D000D9128 /* CDVLocalStorageTests.m in Sources */,
				30B342F515224B360070E6A5 /* CDVWebViewTest.m in Sources */,
				30D1B08C15A2B36D0060C291 /* CDVBase64Tests.m in Sources */,
				EBA3554615A731F100F4DE24 /* CDVFakeFileManager.m in Sources */,
				EBA3556F15ABD0C900F4DE24 /* CDVFileTransferTests.m in Sources */,
			);
			runOnlyForDeploymentPostprocessing = 0;
		};
		D2AAC07B0554694100DB518D /* Sources */ = {
			isa = PBXSourcesBuildPhase;
			buildActionMask = 2147483647;
			files = (
				8887FD671090FBE7009987E8 /* CDVCamera.m in Sources */,
				8887FD691090FBE7009987E8 /* NSDictionary+Extensions.m in Sources */,
				8887FD6B1090FBE7009987E8 /* CDVContacts.m in Sources */,
				8887FD6D1090FBE7009987E8 /* CDVDebugConsole.m in Sources */,
				8887FD711090FBE7009987E8 /* CDVFile.m in Sources */,
				8887FD751090FBE7009987E8 /* CDVInvokedUrlCommand.m in Sources */,
				8887FD861090FBE7009987E8 /* CDVLocation.m in Sources */,
				8887FD8E1090FBE7009987E8 /* CDVNotification.m in Sources */,
				8887FD901090FBE7009987E8 /* NSData+Base64.m in Sources */,
				8887FD9E1090FBE7009987E8 /* CDVReachability.m in Sources */,
				8887FDA01090FBE7009987E8 /* CDVSound.m in Sources */,
				88BA573E109BB46F00FB5E78 /* CDVAccelerometer.m in Sources */,
				1F3C04CF12BC247D004F9E10 /* CDVContact.m in Sources */,
				1F92F4A11314023E0046367C /* CDVPluginResult.m in Sources */,
				C937A4571337599E002C4C79 /* CDVFileTransfer.m in Sources */,
				307A8F9F1385A2EC00E43782 /* CDVConnection.m in Sources */,
				30956FD3138F1F5600FC3563 /* CDVMotion.m in Sources */,
				1F584B9C1385A28A00ED25E8 /* CDVCapture.m in Sources */,
				30E33AF313A7E24B00594D64 /* CDVPlugin.m in Sources */,
				30B39EBF13D0268B0009682A /* CDVSplashScreen.m in Sources */,
				30E563D013E217EC00C949AA /* NSMutableArray+QueueAdditions.m in Sources */,
				1F2BECC113F9785B00A93BF6 /* CDVBattery.m in Sources */,
				30C684821406CB38004C1A8E /* CDVWhitelist.m in Sources */,
				30C684961407044B004C1A8E /* CDVURLProtocol.m in Sources */,
				30A90B9314588697006178D3 /* JSONKit.m in Sources */,
				8852C43C14B65FD800F0E735 /* CDVViewController.m in Sources */,
				8852C44114B65FD800F0E735 /* CDVCordovaView.m in Sources */,
				3034979E1513D56A0090E688 /* CDVLocalStorage.m in Sources */,
				3062D122151D0EDB000D9128 /* UIDevice+Extensions.m in Sources */,
				3E76876D156A90EE00EB6FA3 /* CDVLogger.m in Sources */,
				EBA3557515ABD38C00F4DE24 /* NSArray+Comparisons.m in Sources */,
				30C5F1E015AF9E950052A00D /* CDVDevice.m in Sources */,
			);
			runOnlyForDeploymentPostprocessing = 0;
		};
/* End PBXSourcesBuildPhase section */

/* Begin PBXTargetDependency section */
		30F8AE0215212553006625B3 /* PBXTargetDependency */ = {
			isa = PBXTargetDependency;
			target = D2AAC07D0554694100DB518D /* CordovaLib */;
			targetProxy = 30F8AE0115212553006625B3 /* PBXContainerItemProxy */;
		};
		30F8AE3315212F07006625B3 /* PBXTargetDependency */ = {
			isa = PBXTargetDependency;
			target = 303A4067152124BB00182201 /* CordovaLibApp */;
			targetProxy = 30F8AE3215212F07006625B3 /* PBXContainerItemProxy */;
		};
/* End PBXTargetDependency section */

/* Begin PBXVariantGroup section */
		303A4070152124BB00182201 /* InfoPlist.strings */ = {
			isa = PBXVariantGroup;
			children = (
				303A4071152124BB00182201 /* en */,
			);
			name = InfoPlist.strings;
			sourceTree = "<group>";
		};
		686357B3141002F200DF4CF2 /* InfoPlist.strings */ = {
			isa = PBXVariantGroup;
			children = (
				686357B4141002F200DF4CF2 /* en */,
			);
			name = InfoPlist.strings;
			sourceTree = "<group>";
		};
/* End PBXVariantGroup section */

/* Begin XCBuildConfiguration section */
		1DEB921F08733DC00010E9CD /* Debug */ = {
			isa = XCBuildConfiguration;
			buildSettings = {
				ALWAYS_SEARCH_USER_PATHS = NO;
				ARCHS = (
					armv6,
					armv7,
				);
				COPY_PHASE_STRIP = NO;
				DSTROOT = "/tmp/$(PROJECT_NAME).dst";
				GCC_DYNAMIC_NO_PIC = NO;
				GCC_MODEL_TUNING = G5;
				GCC_OPTIMIZATION_LEVEL = 0;
				GCC_PRECOMPILE_PREFIX_HEADER = YES;
				GCC_PREFIX_HEADER = CordovaLib_Prefix.pch;
				GCC_PREPROCESSOR_DEFINITIONS = "";
				GCC_THUMB_SUPPORT = NO;
				GCC_VERSION = com.apple.compilers.llvm.clang.1_0;
				INSTALL_PATH = /usr/local/lib;
				IPHONEOS_DEPLOYMENT_TARGET = 3.0;
				PRODUCT_NAME = Cordova;
				PUBLIC_HEADERS_FOLDER_PATH = include/Cordova;
				SKIP_INSTALL = YES;
			};
			name = Debug;
		};
		1DEB922008733DC00010E9CD /* Release */ = {
			isa = XCBuildConfiguration;
			buildSettings = {
				ALWAYS_SEARCH_USER_PATHS = NO;
				ARCHS = (
					armv6,
					armv7,
				);
				DSTROOT = "/tmp/$(PROJECT_NAME).dst";
				GCC_MODEL_TUNING = G5;
				GCC_PRECOMPILE_PREFIX_HEADER = YES;
				GCC_PREFIX_HEADER = CordovaLib_Prefix.pch;
				GCC_PREPROCESSOR_DEFINITIONS = "";
				GCC_THUMB_SUPPORT = NO;
				GCC_VERSION = com.apple.compilers.llvm.clang.1_0;
				INSTALL_PATH = /usr/local/lib;
				IPHONEOS_DEPLOYMENT_TARGET = 3.0;
				PRODUCT_NAME = Cordova;
				PUBLIC_HEADERS_FOLDER_PATH = include/Cordova;
				SKIP_INSTALL = YES;
			};
			name = Release;
		};
		1DEB922308733DC00010E9CD /* Debug */ = {
			isa = XCBuildConfiguration;
			buildSettings = {
				ARCHS = (
					armv6,
					armv7,
				);
				GCC_C_LANGUAGE_STANDARD = c99;
				GCC_OPTIMIZATION_LEVEL = 0;
				GCC_PREPROCESSOR_DEFINITIONS = "";
				GCC_THUMB_SUPPORT = NO;
				GCC_VERSION = com.apple.compilers.llvm.clang.1_0;
				GCC_WARN_ABOUT_RETURN_TYPE = YES;
				GCC_WARN_UNUSED_VARIABLE = YES;
				IPHONEOS_DEPLOYMENT_TARGET = 3.0;
				ONLY_ACTIVE_ARCH = NO;
				OTHER_CFLAGS = "-DDEBUG";
				OTHER_LDFLAGS = (
					"-all_load",
					"-ObjC",
				);
				PUBLIC_HEADERS_FOLDER_PATH = include/Cordova;
				SDKROOT = iphoneos;
				SKIP_INSTALL = YES;
				TARGETED_DEVICE_FAMILY = "1,2";
				USER_HEADER_SEARCH_PATHS = "";
				VALID_ARCHS = "i386 armv6 armv7";
			};
			name = Debug;
		};
		1DEB922408733DC00010E9CD /* Release */ = {
			isa = XCBuildConfiguration;
			buildSettings = {
				ARCHS = (
					armv6,
					armv7,
				);
				GCC_C_LANGUAGE_STANDARD = c99;
				GCC_PREPROCESSOR_DEFINITIONS = "";
				GCC_THUMB_SUPPORT = NO;
				GCC_VERSION = com.apple.compilers.llvm.clang.1_0;
				GCC_WARN_ABOUT_RETURN_TYPE = YES;
				GCC_WARN_UNUSED_VARIABLE = YES;
				IPHONEOS_DEPLOYMENT_TARGET = 3.0;
				ONLY_ACTIVE_ARCH = NO;
				OTHER_LDFLAGS = (
					"-all_load",
					"-ObjC",
				);
				PUBLIC_HEADERS_FOLDER_PATH = include/Cordova;
				SDKROOT = iphoneos;
				SKIP_INSTALL = YES;
				TARGETED_DEVICE_FAMILY = "1,2";
				VALID_ARCHS = "i386 armv6 armv7";
			};
			name = Release;
		};
		303A4083152124BB00182201 /* Debug */ = {
			isa = XCBuildConfiguration;
			buildSettings = {
				ALWAYS_SEARCH_USER_PATHS = NO;
				ARCHS = (
					armv6,
					armv7,
				);
				"CODE_SIGN_IDENTITY[sdk=iphoneos*]" = "iPhone Developer";
				COPY_PHASE_STRIP = NO;
				GCC_C_LANGUAGE_STANDARD = gnu99;
				GCC_DYNAMIC_NO_PIC = NO;
				GCC_PRECOMPILE_PREFIX_HEADER = YES;
				GCC_PREFIX_HEADER = "CordovaLibApp/CordovaLibApp-Prefix.pch";
				GCC_PREPROCESSOR_DEFINITIONS = (
					"DEBUG=1",
					"$(inherited)",
				);
				GCC_SYMBOLS_PRIVATE_EXTERN = YES;
				GCC_WARN_UNINITIALIZED_AUTOS = YES;
				INFOPLIST_FILE = "CordovaLibApp/CordovaLibApp-Info.plist";
				IPHONEOS_DEPLOYMENT_TARGET = 5.1;
				PRODUCT_NAME = "$(TARGET_NAME)";
				WRAPPER_EXTENSION = app;
			};
			name = Debug;
		};
		303A4084152124BB00182201 /* Release */ = {
			isa = XCBuildConfiguration;
			buildSettings = {
				ALWAYS_SEARCH_USER_PATHS = NO;
				ARCHS = (
					armv6,
					armv7,
				);
				"CODE_SIGN_IDENTITY[sdk=iphoneos*]" = "iPhone Developer";
				COPY_PHASE_STRIP = YES;
				GCC_C_LANGUAGE_STANDARD = gnu99;
				GCC_PRECOMPILE_PREFIX_HEADER = YES;
				GCC_PREFIX_HEADER = "CordovaLibApp/CordovaLibApp-Prefix.pch";
				GCC_SYMBOLS_PRIVATE_EXTERN = YES;
				GCC_WARN_UNINITIALIZED_AUTOS = YES;
				INFOPLIST_FILE = "CordovaLibApp/CordovaLibApp-Info.plist";
				IPHONEOS_DEPLOYMENT_TARGET = 5.1;
				OTHER_CFLAGS = "-DNS_BLOCK_ASSERTIONS=1";
				PRODUCT_NAME = "$(TARGET_NAME)";
				VALIDATE_PRODUCT = YES;
				WRAPPER_EXTENSION = app;
			};
			name = Release;
		};
		686357BB141002F200DF4CF2 /* Debug */ = {
			isa = XCBuildConfiguration;
			buildSettings = {
				ALWAYS_SEARCH_USER_PATHS = NO;
				ARCHS = (
					armv6,
					armv7,
				);
				BUNDLE_LOADER = "$(BUILT_PRODUCTS_DIR)/CordovaLibApp.app/CordovaLibApp";
				FRAMEWORK_SEARCH_PATHS = (
					"$(SDKROOT)/Developer/Library/Frameworks",
					"$(DEVELOPER_LIBRARY_DIR)/Frameworks",
				);
				GCC_C_LANGUAGE_STANDARD = gnu99;
				GCC_PRECOMPILE_PREFIX_HEADER = YES;
				GCC_PREFIX_HEADER = "CordovaLibTests/CordovaLibTests-Prefix.pch";
				GCC_PREPROCESSOR_DEFINITIONS = DEBUG;
				GCC_SYMBOLS_PRIVATE_EXTERN = NO;
				GCC_THUMB_SUPPORT = NO;
				GCC_VERSION = com.apple.compilers.llvm.clang.1_0;
				INFOPLIST_FILE = "CordovaLibTests/CordovaLibTests-Info.plist";
				IPHONEOS_DEPLOYMENT_TARGET = 3.0;
				OTHER_LDFLAGS = (
					"-all_load",
					"-ObjC",
					"-framework",
					SenTestingKit,
				);
				PRODUCT_NAME = "$(TARGET_NAME)";
				TEST_AFTER_BUILD = NO;
				TEST_HOST = "$(BUNDLE_LOADER)";
				WRAPPER_EXTENSION = octest;
			};
			name = Debug;
		};
		686357BC141002F200DF4CF2 /* Release */ = {
			isa = XCBuildConfiguration;
			buildSettings = {
				ALWAYS_SEARCH_USER_PATHS = NO;
				ARCHS = (
					armv6,
					armv7,
				);
				BUNDLE_LOADER = "$(BUILT_PRODUCTS_DIR)/CordovaLibApp.app/CordovaLibApp";
				FRAMEWORK_SEARCH_PATHS = (
					"$(SDKROOT)/Developer/Library/Frameworks",
					"$(DEVELOPER_LIBRARY_DIR)/Frameworks",
				);
				GCC_C_LANGUAGE_STANDARD = gnu99;
				GCC_PRECOMPILE_PREFIX_HEADER = YES;
				GCC_PREFIX_HEADER = "CordovaLibTests/CordovaLibTests-Prefix.pch";
				GCC_THUMB_SUPPORT = NO;
				GCC_VERSION = com.apple.compilers.llvm.clang.1_0;
				INFOPLIST_FILE = "CordovaLibTests/CordovaLibTests-Info.plist";
				IPHONEOS_DEPLOYMENT_TARGET = 3.0;
				OTHER_LDFLAGS = (
					"-all_load",
					"-ObjC",
					"-framework",
					SenTestingKit,
				);
				PRODUCT_NAME = "$(TARGET_NAME)";
				TEST_AFTER_BUILD = NO;
				TEST_HOST = "$(BUNDLE_LOADER)";
				WRAPPER_EXTENSION = octest;
			};
			name = Release;
		};
/* End XCBuildConfiguration section */

/* Begin XCConfigurationList section */
		1DEB921E08733DC00010E9CD /* Build configuration list for PBXNativeTarget "CordovaLib" */ = {
			isa = XCConfigurationList;
			buildConfigurations = (
				1DEB921F08733DC00010E9CD /* Debug */,
				1DEB922008733DC00010E9CD /* Release */,
			);
			defaultConfigurationIsVisible = 0;
			defaultConfigurationName = Release;
		};
		1DEB922208733DC00010E9CD /* Build configuration list for PBXProject "CordovaLib" */ = {
			isa = XCConfigurationList;
			buildConfigurations = (
				1DEB922308733DC00010E9CD /* Debug */,
				1DEB922408733DC00010E9CD /* Release */,
			);
			defaultConfigurationIsVisible = 0;
			defaultConfigurationName = Release;
		};
		303A4082152124BB00182201 /* Build configuration list for PBXNativeTarget "CordovaLibApp" */ = {
			isa = XCConfigurationList;
			buildConfigurations = (
				303A4083152124BB00182201 /* Debug */,
				303A4084152124BB00182201 /* Release */,
			);
			defaultConfigurationIsVisible = 0;
			defaultConfigurationName = Release;
		};
		686357BD141002F200DF4CF2 /* Build configuration list for PBXNativeTarget "CordovaLibTests" */ = {
			isa = XCConfigurationList;
			buildConfigurations = (
				686357BB141002F200DF4CF2 /* Debug */,
				686357BC141002F200DF4CF2 /* Release */,
			);
			defaultConfigurationIsVisible = 0;
			defaultConfigurationName = Release;
		};
/* End XCConfigurationList section */
	};
	rootObject = 0867D690FE84028FC02AAC07 /* Project object */;
}
