// !$*UTF8*$!
{
	archiveVersion = 1;
	classes = {
	};
	objectVersion = 45;
	objects = {

/* Begin PBXBuildFile section */
		0714B1A50E452A2100039BAB /* GlassBgView.m in Sources */ = {isa = PBXBuildFile; fileRef = 0714B1A40E452A2100039BAB /* GlassBgView.m */; };
		079B0A0A0E45734600755F37 /* CoreLocation.framework in Frameworks */ = {isa = PBXBuildFile; fileRef = 079B0A090E45734600755F37 /* CoreLocation.framework */; };
		1D3623260D0F684500981E51 /* GlassAppDelegate.m in Sources */ = {isa = PBXBuildFile; fileRef = 1D3623250D0F684500981E51 /* GlassAppDelegate.m */; };
		1D60589B0D05DD56006BFB54 /* main.m in Sources */ = {isa = PBXBuildFile; fileRef = 29B97316FDCFA39411CA2CEA /* main.m */; };
		1D60589F0D05DD5A006BFB54 /* Foundation.framework in Frameworks */ = {isa = PBXBuildFile; fileRef = 1D30AB110D05D00D00671497 /* Foundation.framework */; };
		1DF5F4E00D08C38300B7A737 /* UIKit.framework in Frameworks */ = {isa = PBXBuildFile; fileRef = 1DF5F4DF0D08C38300B7A737 /* UIKit.framework */; };
		2899E5220DE3E06400AC0155 /* GlassViewController.xib in Resources */ = {isa = PBXBuildFile; fileRef = 2899E5210DE3E06400AC0155 /* GlassViewController.xib */; };
		28AD733F0D9D9553002E5188 /* MainWindow.xib in Resources */ = {isa = PBXBuildFile; fileRef = 28AD733E0D9D9553002E5188 /* MainWindow.xib */; };
		47DC7FB30EFADF9E00D0B526 /* Settings.plist in Resources */ = {isa = PBXBuildFile; fileRef = 47DC7FB20EFADF9E00D0B526 /* Settings.plist */; };
		47FAB6A90EF751E2005F55AB /* GlassViewController.m in Sources */ = {isa = PBXBuildFile; fileRef = 47FAB6A80EF751E2005F55AB /* GlassViewController.m */; };
		47FAB72A0EF7A663005F55AB /* Sound.m in Sources */ = {isa = PBXBuildFile; fileRef = 47FAB7290EF7A663005F55AB /* Sound.m */; };
		47FAB72E0EF7A6C6005F55AB /* Contacts.m in Sources */ = {isa = PBXBuildFile; fileRef = 47FAB72D0EF7A6C6005F55AB /* Contacts.m */; };
		47FAB7500EF82576005F55AB /* AddressBook.framework in Frameworks */ = {isa = PBXBuildFile; fileRef = 47FAB74F0EF82576005F55AB /* AddressBook.framework */; };
		8204F3D30E5CB4DC00F2DAA1 /* icon.png in Resources */ = {isa = PBXBuildFile; fileRef = 8204F3D20E5CB4DC00F2DAA1 /* icon.png */; };
		8205CB7D0E68A701006CBEEF /* Device.m in Sources */ = {isa = PBXBuildFile; fileRef = 8205CB7C0E68A701006CBEEF /* Device.m */; };
		824041C10E942F0E002F3376 /* Default.png in Resources */ = {isa = PBXBuildFile; fileRef = 824041C00E942F0E002F3376 /* Default.png */; };
		8254F4BD0E6397F0002FDA36 /* Vibrate.m in Sources */ = {isa = PBXBuildFile; fileRef = 8254F4BC0E6397F0002FDA36 /* Vibrate.m */; };
		8254F8810E650500002FDA36 /* Location.m in Sources */ = {isa = PBXBuildFile; fileRef = 8254F8800E650500002FDA36 /* Location.m */; };
		825DFB5E0E464E6C000D0A5D /* README.markdown in Resources */ = {isa = PBXBuildFile; fileRef = 825DFB5D0E464E6C000D0A5D /* README.markdown */; };
		828B59CE0E520C7F0096DE8B /* AudioToolbox.framework in Frameworks */ = {isa = PBXBuildFile; fileRef = 828B59CD0E520C7F0096DE8B /* AudioToolbox.framework */; };
/* End PBXBuildFile section */

/* Begin PBXFileReference section */
		0714B1A30E452A2100039BAB /* GlassBgView.h */ = {isa = PBXFileReference; fileEncoding = 4; lastKnownFileType = sourcecode.c.h; path = GlassBgView.h; sourceTree = "<group>"; };
		0714B1A40E452A2100039BAB /* GlassBgView.m */ = {isa = PBXFileReference; fileEncoding = 4; lastKnownFileType = sourcecode.c.objc; path = GlassBgView.m; sourceTree = "<group>"; };
		079B0A090E45734600755F37 /* CoreLocation.framework */ = {isa = PBXFileReference; lastKnownFileType = wrapper.framework; name = CoreLocation.framework; path = System/Library/Frameworks/CoreLocation.framework; sourceTree = SDKROOT; };
		1D30AB110D05D00D00671497 /* Foundation.framework */ = {isa = PBXFileReference; lastKnownFileType = wrapper.framework; name = Foundation.framework; path = System/Library/Frameworks/Foundation.framework; sourceTree = SDKROOT; };
		1D3623240D0F684500981E51 /* GlassAppDelegate.h */ = {isa = PBXFileReference; fileEncoding = 4; lastKnownFileType = sourcecode.c.h; path = GlassAppDelegate.h; sourceTree = "<group>"; };
		1D3623250D0F684500981E51 /* GlassAppDelegate.m */ = {isa = PBXFileReference; fileEncoding = 4; lastKnownFileType = sourcecode.c.objc; path = GlassAppDelegate.m; sourceTree = "<group>"; };
		1D6058910D05DD3D006BFB54 /* PhoneGap.app */ = {isa = PBXFileReference; explicitFileType = wrapper.application; includeInIndex = 0; path = PhoneGap.app; sourceTree = BUILT_PRODUCTS_DIR; };
		1DF5F4DF0D08C38300B7A737 /* UIKit.framework */ = {isa = PBXFileReference; lastKnownFileType = wrapper.framework; name = UIKit.framework; path = System/Library/Frameworks/UIKit.framework; sourceTree = SDKROOT; };
		2899E5210DE3E06400AC0155 /* GlassViewController.xib */ = {isa = PBXFileReference; lastKnownFileType = file.xib; path = GlassViewController.xib; sourceTree = "<group>"; };
		28AD733E0D9D9553002E5188 /* MainWindow.xib */ = {isa = PBXFileReference; lastKnownFileType = file.xib; path = MainWindow.xib; sourceTree = "<group>"; };
		29B97316FDCFA39411CA2CEA /* main.m */ = {isa = PBXFileReference; fileEncoding = 4; lastKnownFileType = sourcecode.c.objc; path = main.m; sourceTree = "<group>"; };
		474A7F820EFAD6580020DD7F /* PhoneGap_Prefix.pch */ = {isa = PBXFileReference; fileEncoding = 4; lastKnownFileType = sourcecode.c.h; path = PhoneGap_Prefix.pch; sourceTree = "<group>"; };
		47DC7FB20EFADF9E00D0B526 /* Settings.plist */ = {isa = PBXFileReference; fileEncoding = 4; lastKnownFileType = text.plist.xml; path = Settings.plist; sourceTree = "<group>"; };
		47FAB6A70EF751E2005F55AB /* GlassViewController.h */ = {isa = PBXFileReference; fileEncoding = 4; lastKnownFileType = sourcecode.c.h; path = GlassViewController.h; sourceTree = "<group>"; };
		47FAB6A80EF751E2005F55AB /* GlassViewController.m */ = {isa = PBXFileReference; fileEncoding = 4; lastKnownFileType = sourcecode.c.objc; path = GlassViewController.m; sourceTree = "<group>"; };
		47FAB7280EF7A663005F55AB /* Sound.h */ = {isa = PBXFileReference; fileEncoding = 4; lastKnownFileType = sourcecode.c.h; path = Sound.h; sourceTree = "<group>"; };
		47FAB7290EF7A663005F55AB /* Sound.m */ = {isa = PBXFileReference; fileEncoding = 4; lastKnownFileType = sourcecode.c.objc; path = Sound.m; sourceTree = "<group>"; };
		47FAB72C0EF7A6C6005F55AB /* Contacts.h */ = {isa = PBXFileReference; fileEncoding = 4; lastKnownFileType = sourcecode.c.h; path = Contacts.h; sourceTree = "<group>"; };
		47FAB72D0EF7A6C6005F55AB /* Contacts.m */ = {isa = PBXFileReference; fileEncoding = 4; lastKnownFileType = sourcecode.c.objc; path = Contacts.m; sourceTree = "<group>"; };
		47FAB74F0EF82576005F55AB /* AddressBook.framework */ = {isa = PBXFileReference; lastKnownFileType = wrapper.framework; name = AddressBook.framework; path = System/Library/Frameworks/AddressBook.framework; sourceTree = SDKROOT; };
		8204F3D20E5CB4DC00F2DAA1 /* icon.png */ = {isa = PBXFileReference; explicitFileType = image.png; path = icon.png; sourceTree = "<group>"; };
		8205CB7B0E68A701006CBEEF /* Device.h */ = {isa = PBXFileReference; fileEncoding = 4; lastKnownFileType = sourcecode.c.h; path = Device.h; sourceTree = "<group>"; };
		8205CB7C0E68A701006CBEEF /* Device.m */ = {isa = PBXFileReference; fileEncoding = 4; lastKnownFileType = sourcecode.c.objc; path = Device.m; sourceTree = "<group>"; };
		824041C00E942F0E002F3376 /* Default.png */ = {isa = PBXFileReference; lastKnownFileType = image.png; path = Default.png; sourceTree = "<group>"; };
		8254F4BB0E6397F0002FDA36 /* Vibrate.h */ = {isa = PBXFileReference; fileEncoding = 4; lastKnownFileType = sourcecode.c.h; path = Vibrate.h; sourceTree = "<group>"; };
		8254F4BC0E6397F0002FDA36 /* Vibrate.m */ = {isa = PBXFileReference; fileEncoding = 4; lastKnownFileType = sourcecode.c.objc; path = Vibrate.m; sourceTree = "<group>"; };
		8254F87F0E650500002FDA36 /* Location.h */ = {isa = PBXFileReference; fileEncoding = 4; lastKnownFileType = sourcecode.c.h; path = Location.h; sourceTree = "<group>"; };
		8254F8800E650500002FDA36 /* Location.m */ = {isa = PBXFileReference; fileEncoding = 4; lastKnownFileType = sourcecode.c.objc; path = Location.m; sourceTree = "<group>"; };
		825DFB5D0E464E6C000D0A5D /* README.markdown */ = {isa = PBXFileReference; fileEncoding = 4; lastKnownFileType = text; path = README.markdown; sourceTree = "<group>"; };
		828B59CD0E520C7F0096DE8B /* AudioToolbox.framework */ = {isa = PBXFileReference; lastKnownFileType = wrapper.framework; name = AudioToolbox.framework; path = System/Library/Frameworks/AudioToolbox.framework; sourceTree = SDKROOT; };
		8D1107310486CEB800E47090 /* Info.plist */ = {isa = PBXFileReference; fileEncoding = 4; lastKnownFileType = text.plist.xml; path = Info.plist; sourceTree = "<group>"; };
/* End PBXFileReference section */

/* Begin PBXFrameworksBuildPhase section */
		1D60588F0D05DD3D006BFB54 /* Frameworks */ = {
			isa = PBXFrameworksBuildPhase;
			buildActionMask = 2147483647;
			files = (
				1D60589F0D05DD5A006BFB54 /* Foundation.framework in Frameworks */,
				1DF5F4E00D08C38300B7A737 /* UIKit.framework in Frameworks */,
				079B0A0A0E45734600755F37 /* CoreLocation.framework in Frameworks */,
				828B59CE0E520C7F0096DE8B /* AudioToolbox.framework in Frameworks */,
				47FAB7500EF82576005F55AB /* AddressBook.framework in Frameworks */,
			);
			runOnlyForDeploymentPostprocessing = 0;
		};
/* End PBXFrameworksBuildPhase section */

/* Begin PBXGroup section */
		080E96DDFE201D6D7F000001 /* Classes */ = {
			isa = PBXGroup;
			children = (
				1D3623240D0F684500981E51 /* GlassAppDelegate.h */,
				1D3623250D0F684500981E51 /* GlassAppDelegate.m */,
				8205CB7B0E68A701006CBEEF /* Device.h */,
				8205CB7C0E68A701006CBEEF /* Device.m */,
				47FAB72C0EF7A6C6005F55AB /* Contacts.h */,
				47FAB72D0EF7A6C6005F55AB /* Contacts.m */,
				47FAB7280EF7A663005F55AB /* Sound.h */,
				47FAB7290EF7A663005F55AB /* Sound.m */,
				8254F4BB0E6397F0002FDA36 /* Vibrate.h */,
				8254F4BC0E6397F0002FDA36 /* Vibrate.m */,
				8254F87F0E650500002FDA36 /* Location.h */,
				8254F8800E650500002FDA36 /* Location.m */,
				47FAB6A70EF751E2005F55AB /* GlassViewController.h */,
				47FAB6A80EF751E2005F55AB /* GlassViewController.m */,
			);
			path = Classes;
			sourceTree = "<group>";
		};
		19C28FACFE9D520D11CA2CBB /* Products */ = {
			isa = PBXGroup;
			children = (
				1D6058910D05DD3D006BFB54 /* PhoneGap.app */,
			);
			name = Products;
			sourceTree = "<group>";
		};
		29B97314FDCFA39411CA2CEA /* CustomTemplate */ = {
			isa = PBXGroup;
			children = (
				824041C00E942F0E002F3376 /* Default.png */,
				8204F3D20E5CB4DC00F2DAA1 /* icon.png */,
				825DFB5D0E464E6C000D0A5D /* README.markdown */,
				080E96DDFE201D6D7F000001 /* Classes */,
				29B97315FDCFA39411CA2CEA /* Other Sources */,
				29B97317FDCFA39411CA2CEA /* Resources */,
				29B97323FDCFA39411CA2CEA /* Frameworks */,
				19C28FACFE9D520D11CA2CBB /* Products */,
				0714B1A30E452A2100039BAB /* GlassBgView.h */,
				0714B1A40E452A2100039BAB /* GlassBgView.m */,
				079B0A090E45734600755F37 /* CoreLocation.framework */,
			);
			name = CustomTemplate;
			sourceTree = "<group>";
		};
		29B97315FDCFA39411CA2CEA /* Other Sources */ = {
			isa = PBXGroup;
			children = (
				474A7F820EFAD6580020DD7F /* PhoneGap_Prefix.pch */,
				29B97316FDCFA39411CA2CEA /* main.m */,
			);
			name = "Other Sources";
			sourceTree = "<group>";
		};
		29B97317FDCFA39411CA2CEA /* Resources */ = {
			isa = PBXGroup;
			children = (
				47DC803E0EFB07BC00D0B526 /* offline */,
				47DC7FB20EFADF9E00D0B526 /* Settings.plist */,
				2899E5210DE3E06400AC0155 /* GlassViewController.xib */,
				28AD733E0D9D9553002E5188 /* MainWindow.xib */,
				8D1107310486CEB800E47090 /* Info.plist */,
			);
			name = Resources;
			sourceTree = "<group>";
		};
		29B97323FDCFA39411CA2CEA /* Frameworks */ = {
			isa = PBXGroup;
			children = (
				47FAB74F0EF82576005F55AB /* AddressBook.framework */,
				828B59CD0E520C7F0096DE8B /* AudioToolbox.framework */,
				1DF5F4DF0D08C38300B7A737 /* UIKit.framework */,
				1D30AB110D05D00D00671497 /* Foundation.framework */,
			);
			name = Frameworks;
			sourceTree = "<group>";
		};
		47DC803E0EFB07BC00D0B526 /* offline */ = {
			isa = PBXGroup;
			children = (
			);
			name = offline;
			sourceTree = "<group>";
		};
/* End PBXGroup section */

/* Begin PBXNativeTarget section */
		1D6058900D05DD3D006BFB54 /* PhoneGap */ = {
			isa = PBXNativeTarget;
			buildConfigurationList = 1D6058960D05DD3E006BFB54 /* Build configuration list for PBXNativeTarget "PhoneGap" */;
			buildPhases = (
				1D60588D0D05DD3D006BFB54 /* Resources */,
				1D60588E0D05DD3D006BFB54 /* Sources */,
				1D60588F0D05DD3D006BFB54 /* Frameworks */,
			);
			buildRules = (
			);
			dependencies = (
			);
			name = PhoneGap;
			productName = Glass;
			productReference = 1D6058910D05DD3D006BFB54 /* PhoneGap.app */;
			productType = "com.apple.product-type.application";
		};
/* End PBXNativeTarget section */

/* Begin PBXProject section */
		29B97313FDCFA39411CA2CEA /* Project object */ = {
			isa = PBXProject;
			buildConfigurationList = C01FCF4E08A954540054247B /* Build configuration list for PBXProject "PhoneGap" */;
			compatibilityVersion = "Xcode 3.1";
			hasScannedForEncodings = 1;
			mainGroup = 29B97314FDCFA39411CA2CEA /* CustomTemplate */;
			projectDirPath = "";
			projectRoot = "";
			targets = (
				1D6058900D05DD3D006BFB54 /* PhoneGap */,
			);
		};
/* End PBXProject section */

/* Begin PBXResourcesBuildPhase section */
		1D60588D0D05DD3D006BFB54 /* Resources */ = {
			isa = PBXResourcesBuildPhase;
			buildActionMask = 2147483647;
			files = (
				28AD733F0D9D9553002E5188 /* MainWindow.xib in Resources */,
				2899E5220DE3E06400AC0155 /* GlassViewController.xib in Resources */,
				825DFB5E0E464E6C000D0A5D /* README.markdown in Resources */,
				8204F3D30E5CB4DC00F2DAA1 /* icon.png in Resources */,
				824041C10E942F0E002F3376 /* Default.png in Resources */,
				47DC7FB30EFADF9E00D0B526 /* Settings.plist in Resources */,
			);
			runOnlyForDeploymentPostprocessing = 0;
		};
/* End PBXResourcesBuildPhase section */

/* Begin PBXSourcesBuildPhase section */
		1D60588E0D05DD3D006BFB54 /* Sources */ = {
			isa = PBXSourcesBuildPhase;
			buildActionMask = 2147483647;
			files = (
				1D60589B0D05DD56006BFB54 /* main.m in Sources */,
				1D3623260D0F684500981E51 /* GlassAppDelegate.m in Sources */,
				0714B1A50E452A2100039BAB /* GlassBgView.m in Sources */,
				8254F4BD0E6397F0002FDA36 /* Vibrate.m in Sources */,
				8254F8810E650500002FDA36 /* Location.m in Sources */,
				8205CB7D0E68A701006CBEEF /* Device.m in Sources */,
				47FAB6A90EF751E2005F55AB /* GlassViewController.m in Sources */,
				47FAB72A0EF7A663005F55AB /* Sound.m in Sources */,
				47FAB72E0EF7A6C6005F55AB /* Contacts.m in Sources */,
			);
			runOnlyForDeploymentPostprocessing = 0;
		};
/* End PBXSourcesBuildPhase section */

/* Begin XCBuildConfiguration section */
		1D6058940D05DD3E006BFB54 /* Debug */ = {
			isa = XCBuildConfiguration;
			buildSettings = {
				ALWAYS_SEARCH_USER_PATHS = NO;
				COPY_PHASE_STRIP = NO;
				FRAMEWORK_SEARCH_PATHS = (
					"$(inherited)",
					"\"$(SRCROOT)\"",
				);
				GCC_DYNAMIC_NO_PIC = NO;
				GCC_OPTIMIZATION_LEVEL = 0;
				GCC_PRECOMPILE_PREFIX_HEADER = YES;
				GCC_PREFIX_HEADER = PhoneGap_Prefix.pch;
				INFOPLIST_FILE = Info.plist;
				PRODUCT_NAME = PhoneGap;
			};
			name = Debug;
		};
		1D6058950D05DD3E006BFB54 /* Release */ = {
			isa = XCBuildConfiguration;
			buildSettings = {
				ALWAYS_SEARCH_USER_PATHS = NO;
				COPY_PHASE_STRIP = YES;
				FRAMEWORK_SEARCH_PATHS = (
					"$(inherited)",
					"\"$(SRCROOT)\"",
				);
				GCC_PRECOMPILE_PREFIX_HEADER = YES;
				GCC_PREFIX_HEADER = Glass_Prefix.pch;
				INFOPLIST_FILE = Info.plist;
				PRODUCT_NAME = Glass;
			};
			name = Release;
		};
		B74E58180EC6C9AC00215614 /* Distribution */ = {
			isa = XCBuildConfiguration;
			buildSettings = {
				ARCHS = "$(ARCHS_STANDARD_32_BIT)";
				CODE_SIGN_IDENTITY = "iPhone Distribution: Handi Mobility";
				"CODE_SIGN_IDENTITY[sdk=iphoneos2.1]" = "iPhone Distribution: Handi Mobility";
				CURRENT_PROJECT_VERSION = 1.0.1;
				GCC_C_LANGUAGE_STANDARD = c99;
				GCC_WARN_ABOUT_RETURN_TYPE = YES;
				GCC_WARN_UNUSED_VARIABLE = YES;
				ONLY_ACTIVE_ARCH = YES;
				PREBINDING = NO;
				PROVISIONING_PROFILE = "B02DE0E6-FD92-4854-9B69-3C191831ABA5";
				SDKROOT = iphoneos2.0;
			};
			name = Distribution;
		};
		B74E58190EC6C9AC00215614 /* Distribution */ = {
			isa = XCBuildConfiguration;
			buildSettings = {
				ALWAYS_SEARCH_USER_PATHS = NO;
				COPY_PHASE_STRIP = NO;
				FRAMEWORK_SEARCH_PATHS = (
					"$(inherited)",
					"\"$(SRCROOT)\"",
				);
				GCC_DYNAMIC_NO_PIC = NO;
				GCC_OPTIMIZATION_LEVEL = 0;
				GCC_PRECOMPILE_PREFIX_HEADER = YES;
				GCC_PREFIX_HEADER = Glass_Prefix.pch;
				INFOPLIST_FILE = Info.plist;
				PRODUCT_NAME = Glass;
				PROVISIONING_PROFILE = "B02DE0E6-FD92-4854-9B69-3C191831ABA5";
			};
			name = Distribution;
		};
		C01FCF4F08A954540054247B /* Debug */ = {
			isa = XCBuildConfiguration;
			buildSettings = {
				ADDITIONAL_SDKS = "";
				ARCHS = "$(ARCHS_STANDARD_32_BIT)";
				CODE_SIGN_IDENTITY = "iPhone Developer: Brock Whitten";
				"CODE_SIGN_IDENTITY[sdk=iphoneos2.2]" = "iPhone Developer: Brock Whitten";
				GCC_C_LANGUAGE_STANDARD = c99;
				GCC_WARN_ABOUT_RETURN_TYPE = YES;
				GCC_WARN_UNUSED_VARIABLE = YES;
				ONLY_ACTIVE_ARCH = YES;
				OTHER_LDFLAGS = "";
				PREBINDING = NO;
				PROVISIONING_PROFILE = "8D657FB9-CB53-4E3D-AE73-EDC254B7E150";
				"PROVISIONING_PROFILE[sdk=iphoneos2.2]" = "8D657FB9-CB53-4E3D-AE73-EDC254B7E150";
				SDKROOT = iphoneos2.0;
			};
			name = Debug;
		};
		C01FCF5008A954540054247B /* Release */ = {
			isa = XCBuildConfiguration;
			buildSettings = {
				ARCHS = "$(ARCHS_STANDARD_32_BIT)";
				CODE_SIGN_IDENTITY = "iPhone Developer: Parveen Kaler";
				"CODE_SIGN_IDENTITY[sdk=iphoneos*]" = "iPhone Developer: Parveen Kaler";
				GCC_C_LANGUAGE_STANDARD = c99;
				GCC_WARN_ABOUT_RETURN_TYPE = YES;
				GCC_WARN_UNUSED_VARIABLE = YES;
				PREBINDING = NO;
				PROVISIONING_PROFILE = "98548A94-F1E6-48B5-8D1B-BDBD6428512F";
				SDKROOT = iphoneos2.0;
			};
			name = Release;
		};
/* End XCBuildConfiguration section */

/* Begin XCConfigurationList section */
		1D6058960D05DD3E006BFB54 /* Build configuration list for PBXNativeTarget "PhoneGap" */ = {
			isa = XCConfigurationList;
			buildConfigurations = (
				1D6058940D05DD3E006BFB54 /* Debug */,
				B74E58190EC6C9AC00215614 /* Distribution */,
				1D6058950D05DD3E006BFB54 /* Release */,
			);
			defaultConfigurationIsVisible = 0;
			defaultConfigurationName = Release;
		};
		C01FCF4E08A954540054247B /* Build configuration list for PBXProject "PhoneGap" */ = {
			isa = XCConfigurationList;
			buildConfigurations = (
				C01FCF4F08A954540054247B /* Debug */,
				B74E58180EC6C9AC00215614 /* Distribution */,
				C01FCF5008A954540054247B /* Release */,
			);
			defaultConfigurationIsVisible = 0;
			defaultConfigurationName = Release;
		};
/* End XCConfigurationList section */
	};
	rootObject = 29B97313FDCFA39411CA2CEA /* Project object */;
}
