{
  "originHash" : "91b2508824977070977cb77bef95725a7ceb25433afc7d736bcc2faee8b35e9e",
  "pins" : [
    {
      "identity" : "cordova-ios",
      "kind" : "remoteSourceControl",
      "location" : "https://github.com/apache/cordova-ios.git",
      "state" : {
        "branch" : "master",
        "revision" : "df4b8a617d6412776427f0648f14707d74df3557"
      }
    }
  ],
  "version" : 3
}
